// !$*UTF8*$!
{
	archiveVersion = 1;
	classes = {
	};
	objectVersion = 48;
	objects = {

/* Begin PBXBuildFile section */
		BCBF16481F74206600B91E08 /* AppDelegate.swift in Sources */ = {isa = PBXBuildFile; fileRef = BCBF16471F74206600B91E08 /* AppDelegate.swift */; };
		BCBF164A1F74206600B91E08 /* art.scnassets in Resources */ = {isa = PBXBuildFile; fileRef = BCBF16491F74206600B91E08 /* art.scnassets */; };
		BCBF164C1F74206600B91E08 /* ARSceneKitViewController.swift in Sources */ = {isa = PBXBuildFile; fileRef = BCBF164B1F74206600B91E08 /* ARSceneKitViewController.swift */; };
		BCBF164F1F74206600B91E08 /* Main.storyboard in Resources */ = {isa = PBXBuildFile; fileRef = BCBF164D1F74206600B91E08 /* Main.storyboard */; };
		BCBF16511F74206600B91E08 /* Assets.xcassets in Resources */ = {isa = PBXBuildFile; fileRef = BCBF16501F74206600B91E08 /* Assets.xcassets */; };
		BCBF16541F74206600B91E08 /* LaunchScreen.storyboard in Resources */ = {isa = PBXBuildFile; fileRef = BCBF16521F74206600B91E08 /* LaunchScreen.storyboard */; };
		BCBF16801F75A1D500B91E08 /* ARSpriteKitViewController.swift in Sources */ = {isa = PBXBuildFile; fileRef = BCBF167E1F75A1D500B91E08 /* ARSpriteKitViewController.swift */; };
		BCBF16811F75A1D500B91E08 /* Scene.swift in Sources */ = {isa = PBXBuildFile; fileRef = BCBF167F1F75A1D500B91E08 /* Scene.swift */; };
		BCBF16821F75AD5000B91E08 /* Scene.sks in Resources */ = {isa = PBXBuildFile; fileRef = BCBF167D1F75A1C800B91E08 /* Scene.sks */; };
		BCBF16881F75B8A400B91E08 /* ms-logo.png in Resources */ = {isa = PBXBuildFile; fileRef = BCBF16871F75B8A100B91E08 /* ms-logo.png */; };
		BCE850382010FFBB00D32A04 /* Fish.swift in Sources */ = {isa = PBXBuildFile; fileRef = BCE84F852010FFBB00D32A04 /* Fish.swift */; };
		BCE850392010FFBB00D32A04 /* PondScene.swift in Sources */ = {isa = PBXBuildFile; fileRef = BCE84F862010FFBB00D32A04 /* PondScene.swift */; };
		BCE8503A2010FFBB00D32A04 /* Fish.sks in Resources */ = {isa = PBXBuildFile; fileRef = BCE84F882010FFBB00D32A04 /* Fish.sks */; };
		BCE8503B2010FFBB00D32A04 /* fish_100000.png in Resources */ = {isa = PBXBuildFile; fileRef = BCE84F8A2010FFBB00D32A04 /* fish_100000.png */; };
		BCE8503C2010FFBB00D32A04 /* fish_100001.png in Resources */ = {isa = PBXBuildFile; fileRef = BCE84F8B2010FFBB00D32A04 /* fish_100001.png */; };
		BCE8503D2010FFBB00D32A04 /* fish_100002.png in Resources */ = {isa = PBXBuildFile; fileRef = BCE84F8C2010FFBB00D32A04 /* fish_100002.png */; };
		BCE8503E2010FFBB00D32A04 /* fish_100003.png in Resources */ = {isa = PBXBuildFile; fileRef = BCE84F8D2010FFBB00D32A04 /* fish_100003.png */; };
		BCE8503F2010FFBB00D32A04 /* fish_100004.png in Resources */ = {isa = PBXBuildFile; fileRef = BCE84F8E2010FFBB00D32A04 /* fish_100004.png */; };
		BCE850402010FFBB00D32A04 /* fish_100005.png in Resources */ = {isa = PBXBuildFile; fileRef = BCE84F8F2010FFBB00D32A04 /* fish_100005.png */; };
		BCE850412010FFBB00D32A04 /* fish_100006.png in Resources */ = {isa = PBXBuildFile; fileRef = BCE84F902010FFBB00D32A04 /* fish_100006.png */; };
		BCE850422010FFBB00D32A04 /* fish_100007.png in Resources */ = {isa = PBXBuildFile; fileRef = BCE84F912010FFBB00D32A04 /* fish_100007.png */; };
		BCE850432010FFBB00D32A04 /* fish_100008.png in Resources */ = {isa = PBXBuildFile; fileRef = BCE84F922010FFBB00D32A04 /* fish_100008.png */; };
		BCE850442010FFBB00D32A04 /* fish_100009.png in Resources */ = {isa = PBXBuildFile; fileRef = BCE84F932010FFBB00D32A04 /* fish_100009.png */; };
		BCE850452010FFBB00D32A04 /* fish_100010.png in Resources */ = {isa = PBXBuildFile; fileRef = BCE84F942010FFBB00D32A04 /* fish_100010.png */; };
		BCE850462010FFBB00D32A04 /* fish_100011.png in Resources */ = {isa = PBXBuildFile; fileRef = BCE84F952010FFBB00D32A04 /* fish_100011.png */; };
		BCE850472010FFBB00D32A04 /* fish_100012.png in Resources */ = {isa = PBXBuildFile; fileRef = BCE84F962010FFBB00D32A04 /* fish_100012.png */; };
		BCE850482010FFBB00D32A04 /* fish_100013.png in Resources */ = {isa = PBXBuildFile; fileRef = BCE84F972010FFBB00D32A04 /* fish_100013.png */; };
		BCE850492010FFBB00D32A04 /* fish_100014.png in Resources */ = {isa = PBXBuildFile; fileRef = BCE84F982010FFBB00D32A04 /* fish_100014.png */; };
		BCE8504A2010FFBB00D32A04 /* fish_100015.png in Resources */ = {isa = PBXBuildFile; fileRef = BCE84F992010FFBB00D32A04 /* fish_100015.png */; };
		BCE8504B2010FFBB00D32A04 /* fish_100016.png in Resources */ = {isa = PBXBuildFile; fileRef = BCE84F9A2010FFBB00D32A04 /* fish_100016.png */; };
		BCE8504C2010FFBB00D32A04 /* fish_100017.png in Resources */ = {isa = PBXBuildFile; fileRef = BCE84F9B2010FFBB00D32A04 /* fish_100017.png */; };
		BCE8504D2010FFBB00D32A04 /* fish_100018.png in Resources */ = {isa = PBXBuildFile; fileRef = BCE84F9C2010FFBB00D32A04 /* fish_100018.png */; };
		BCE8504E2010FFBB00D32A04 /* fish_100019.png in Resources */ = {isa = PBXBuildFile; fileRef = BCE84F9D2010FFBB00D32A04 /* fish_100019.png */; };
		BCE8504F2010FFBB00D32A04 /* fish_100020.png in Resources */ = {isa = PBXBuildFile; fileRef = BCE84F9E2010FFBB00D32A04 /* fish_100020.png */; };
		BCE850502010FFBB00D32A04 /* fish_100021.png in Resources */ = {isa = PBXBuildFile; fileRef = BCE84F9F2010FFBB00D32A04 /* fish_100021.png */; };
		BCE850512010FFBB00D32A04 /* fish_100022.png in Resources */ = {isa = PBXBuildFile; fileRef = BCE84FA02010FFBB00D32A04 /* fish_100022.png */; };
		BCE850522010FFBB00D32A04 /* fish_100023.png in Resources */ = {isa = PBXBuildFile; fileRef = BCE84FA12010FFBB00D32A04 /* fish_100023.png */; };
		BCE850532010FFBB00D32A04 /* fish_100024.png in Resources */ = {isa = PBXBuildFile; fileRef = BCE84FA22010FFBB00D32A04 /* fish_100024.png */; };
		BCE850542010FFBB00D32A04 /* fish_100025.png in Resources */ = {isa = PBXBuildFile; fileRef = BCE84FA32010FFBB00D32A04 /* fish_100025.png */; };
		BCE850552010FFBB00D32A04 /* fish_100026.png in Resources */ = {isa = PBXBuildFile; fileRef = BCE84FA42010FFBB00D32A04 /* fish_100026.png */; };
		BCE850562010FFBB00D32A04 /* fish_100027.png in Resources */ = {isa = PBXBuildFile; fileRef = BCE84FA52010FFBB00D32A04 /* fish_100027.png */; };
		BCE850572010FFBB00D32A04 /* fish_100028.png in Resources */ = {isa = PBXBuildFile; fileRef = BCE84FA62010FFBB00D32A04 /* fish_100028.png */; };
		BCE850582010FFBB00D32A04 /* fish_100029.png in Resources */ = {isa = PBXBuildFile; fileRef = BCE84FA72010FFBB00D32A04 /* fish_100029.png */; };
		BCE850592010FFBB00D32A04 /* fish_100030.png in Resources */ = {isa = PBXBuildFile; fileRef = BCE84FA82010FFBB00D32A04 /* fish_100030.png */; };
		BCE8505A2010FFBB00D32A04 /* fish_100031.png in Resources */ = {isa = PBXBuildFile; fileRef = BCE84FA92010FFBB00D32A04 /* fish_100031.png */; };
		BCE8505B2010FFBB00D32A04 /* fish_100032.png in Resources */ = {isa = PBXBuildFile; fileRef = BCE84FAA2010FFBB00D32A04 /* fish_100032.png */; };
		BCE8505C2010FFBB00D32A04 /* fish_100033.png in Resources */ = {isa = PBXBuildFile; fileRef = BCE84FAB2010FFBB00D32A04 /* fish_100033.png */; };
		BCE8505D2010FFBB00D32A04 /* fish_100034.png in Resources */ = {isa = PBXBuildFile; fileRef = BCE84FAC2010FFBB00D32A04 /* fish_100034.png */; };
		BCE8505E2010FFBB00D32A04 /* fish_100035.png in Resources */ = {isa = PBXBuildFile; fileRef = BCE84FAD2010FFBB00D32A04 /* fish_100035.png */; };
		BCE8505F2010FFBB00D32A04 /* fish_100036.png in Resources */ = {isa = PBXBuildFile; fileRef = BCE84FAE2010FFBB00D32A04 /* fish_100036.png */; };
		BCE850602010FFBB00D32A04 /* fish_100037.png in Resources */ = {isa = PBXBuildFile; fileRef = BCE84FAF2010FFBB00D32A04 /* fish_100037.png */; };
		BCE850612010FFBB00D32A04 /* fish_100038.png in Resources */ = {isa = PBXBuildFile; fileRef = BCE84FB02010FFBB00D32A04 /* fish_100038.png */; };
		BCE850622010FFBB00D32A04 /* fish_100039.png in Resources */ = {isa = PBXBuildFile; fileRef = BCE84FB12010FFBB00D32A04 /* fish_100039.png */; };
		BCE850632010FFBB00D32A04 /* fish_100040.png in Resources */ = {isa = PBXBuildFile; fileRef = BCE84FB22010FFBB00D32A04 /* fish_100040.png */; };
		BCE850642010FFBB00D32A04 /* fish_100041.png in Resources */ = {isa = PBXBuildFile; fileRef = BCE84FB32010FFBB00D32A04 /* fish_100041.png */; };
		BCE850652010FFBB00D32A04 /* fish_100042.png in Resources */ = {isa = PBXBuildFile; fileRef = BCE84FB42010FFBB00D32A04 /* fish_100042.png */; };
		BCE850662010FFBB00D32A04 /* fish_100043.png in Resources */ = {isa = PBXBuildFile; fileRef = BCE84FB52010FFBB00D32A04 /* fish_100043.png */; };
		BCE850672010FFBB00D32A04 /* fish_100044.png in Resources */ = {isa = PBXBuildFile; fileRef = BCE84FB62010FFBB00D32A04 /* fish_100044.png */; };
		BCE850682010FFBB00D32A04 /* fish_100045.png in Resources */ = {isa = PBXBuildFile; fileRef = BCE84FB72010FFBB00D32A04 /* fish_100045.png */; };
		BCE850692010FFBB00D32A04 /* fish_100046.png in Resources */ = {isa = PBXBuildFile; fileRef = BCE84FB82010FFBB00D32A04 /* fish_100046.png */; };
		BCE8506A2010FFBB00D32A04 /* fish_100047.png in Resources */ = {isa = PBXBuildFile; fileRef = BCE84FB92010FFBB00D32A04 /* fish_100047.png */; };
		BCE8506B2010FFBB00D32A04 /* fish_100048.png in Resources */ = {isa = PBXBuildFile; fileRef = BCE84FBA2010FFBB00D32A04 /* fish_100048.png */; };
		BCE8506C2010FFBB00D32A04 /* fish_100049.png in Resources */ = {isa = PBXBuildFile; fileRef = BCE84FBB2010FFBB00D32A04 /* fish_100049.png */; };
		BCE8506D2010FFBB00D32A04 /* fish_100050.png in Resources */ = {isa = PBXBuildFile; fileRef = BCE84FBC2010FFBB00D32A04 /* fish_100050.png */; };
		BCE8506E2010FFBB00D32A04 /* fish_100051.png in Resources */ = {isa = PBXBuildFile; fileRef = BCE84FBD2010FFBB00D32A04 /* fish_100051.png */; };
		BCE8506F2010FFBB00D32A04 /* fish_100052.png in Resources */ = {isa = PBXBuildFile; fileRef = BCE84FBE2010FFBB00D32A04 /* fish_100052.png */; };
		BCE850702010FFBB00D32A04 /* fish_100053.png in Resources */ = {isa = PBXBuildFile; fileRef = BCE84FBF2010FFBB00D32A04 /* fish_100053.png */; };
		BCE850712010FFBB00D32A04 /* fish_100054.png in Resources */ = {isa = PBXBuildFile; fileRef = BCE84FC02010FFBB00D32A04 /* fish_100054.png */; };
		BCE850722010FFBB00D32A04 /* fish_100055.png in Resources */ = {isa = PBXBuildFile; fileRef = BCE84FC12010FFBB00D32A04 /* fish_100055.png */; };
		BCE850732010FFBB00D32A04 /* fish_100056.png in Resources */ = {isa = PBXBuildFile; fileRef = BCE84FC22010FFBB00D32A04 /* fish_100056.png */; };
		BCE850742010FFBB00D32A04 /* fish_100057.png in Resources */ = {isa = PBXBuildFile; fileRef = BCE84FC32010FFBB00D32A04 /* fish_100057.png */; };
		BCE850752010FFBB00D32A04 /* fish_100058.png in Resources */ = {isa = PBXBuildFile; fileRef = BCE84FC42010FFBB00D32A04 /* fish_100058.png */; };
		BCE850762010FFBB00D32A04 /* fish_100059.png in Resources */ = {isa = PBXBuildFile; fileRef = BCE84FC52010FFBB00D32A04 /* fish_100059.png */; };
		BCE850772010FFBB00D32A04 /* fish_2_00000.png in Resources */ = {isa = PBXBuildFile; fileRef = BCE84FC72010FFBB00D32A04 /* fish_2_00000.png */; };
		BCE850782010FFBB00D32A04 /* fish_2_00001.png in Resources */ = {isa = PBXBuildFile; fileRef = BCE84FC82010FFBB00D32A04 /* fish_2_00001.png */; };
		BCE850792010FFBB00D32A04 /* fish_2_00002.png in Resources */ = {isa = PBXBuildFile; fileRef = BCE84FC92010FFBB00D32A04 /* fish_2_00002.png */; };
		BCE8507A2010FFBB00D32A04 /* fish_2_00003.png in Resources */ = {isa = PBXBuildFile; fileRef = BCE84FCA2010FFBB00D32A04 /* fish_2_00003.png */; };
		BCE8507B2010FFBB00D32A04 /* fish_2_00004.png in Resources */ = {isa = PBXBuildFile; fileRef = BCE84FCB2010FFBB00D32A04 /* fish_2_00004.png */; };
		BCE8507C2010FFBB00D32A04 /* fish_2_00005.png in Resources */ = {isa = PBXBuildFile; fileRef = BCE84FCC2010FFBB00D32A04 /* fish_2_00005.png */; };
		BCE8507D2010FFBB00D32A04 /* fish_2_00006.png in Resources */ = {isa = PBXBuildFile; fileRef = BCE84FCD2010FFBB00D32A04 /* fish_2_00006.png */; };
		BCE8507E2010FFBB00D32A04 /* fish_2_00007.png in Resources */ = {isa = PBXBuildFile; fileRef = BCE84FCE2010FFBB00D32A04 /* fish_2_00007.png */; };
		BCE8507F2010FFBB00D32A04 /* fish_2_00008.png in Resources */ = {isa = PBXBuildFile; fileRef = BCE84FCF2010FFBB00D32A04 /* fish_2_00008.png */; };
		BCE850802010FFBB00D32A04 /* fish_2_00009.png in Resources */ = {isa = PBXBuildFile; fileRef = BCE84FD02010FFBB00D32A04 /* fish_2_00009.png */; };
		BCE850812010FFBB00D32A04 /* fish_2_00010.png in Resources */ = {isa = PBXBuildFile; fileRef = BCE84FD12010FFBB00D32A04 /* fish_2_00010.png */; };
		BCE850822010FFBB00D32A04 /* fish_2_00011.png in Resources */ = {isa = PBXBuildFile; fileRef = BCE84FD22010FFBB00D32A04 /* fish_2_00011.png */; };
		BCE850832010FFBB00D32A04 /* fish_2_00012.png in Resources */ = {isa = PBXBuildFile; fileRef = BCE84FD32010FFBB00D32A04 /* fish_2_00012.png */; };
		BCE850842010FFBB00D32A04 /* fish_2_00013.png in Resources */ = {isa = PBXBuildFile; fileRef = BCE84FD42010FFBB00D32A04 /* fish_2_00013.png */; };
		BCE850852010FFBB00D32A04 /* fish_2_00014.png in Resources */ = {isa = PBXBuildFile; fileRef = BCE84FD52010FFBB00D32A04 /* fish_2_00014.png */; };
		BCE850862010FFBB00D32A04 /* fish_2_00015.png in Resources */ = {isa = PBXBuildFile; fileRef = BCE84FD62010FFBB00D32A04 /* fish_2_00015.png */; };
		BCE850872010FFBB00D32A04 /* fish_2_00016.png in Resources */ = {isa = PBXBuildFile; fileRef = BCE84FD72010FFBB00D32A04 /* fish_2_00016.png */; };
		BCE850882010FFBB00D32A04 /* fish_2_00017.png in Resources */ = {isa = PBXBuildFile; fileRef = BCE84FD82010FFBB00D32A04 /* fish_2_00017.png */; };
		BCE850892010FFBB00D32A04 /* fish_2_00018.png in Resources */ = {isa = PBXBuildFile; fileRef = BCE84FD92010FFBB00D32A04 /* fish_2_00018.png */; };
		BCE8508A2010FFBB00D32A04 /* fish_2_00019.png in Resources */ = {isa = PBXBuildFile; fileRef = BCE84FDA2010FFBB00D32A04 /* fish_2_00019.png */; };
		BCE8508B2010FFBB00D32A04 /* fish_2_00020.png in Resources */ = {isa = PBXBuildFile; fileRef = BCE84FDB2010FFBB00D32A04 /* fish_2_00020.png */; };
		BCE8508C2010FFBB00D32A04 /* fish_2_00021.png in Resources */ = {isa = PBXBuildFile; fileRef = BCE84FDC2010FFBB00D32A04 /* fish_2_00021.png */; };
		BCE8508D2010FFBB00D32A04 /* fish_2_00022.png in Resources */ = {isa = PBXBuildFile; fileRef = BCE84FDD2010FFBB00D32A04 /* fish_2_00022.png */; };
		BCE8508E2010FFBB00D32A04 /* fish_2_00023.png in Resources */ = {isa = PBXBuildFile; fileRef = BCE84FDE2010FFBB00D32A04 /* fish_2_00023.png */; };
		BCE8508F2010FFBB00D32A04 /* fish_2_00024.png in Resources */ = {isa = PBXBuildFile; fileRef = BCE84FDF2010FFBB00D32A04 /* fish_2_00024.png */; };
		BCE850902010FFBB00D32A04 /* fish_2_00025.png in Resources */ = {isa = PBXBuildFile; fileRef = BCE84FE02010FFBB00D32A04 /* fish_2_00025.png */; };
		BCE850912010FFBB00D32A04 /* fish_2_00026.png in Resources */ = {isa = PBXBuildFile; fileRef = BCE84FE12010FFBB00D32A04 /* fish_2_00026.png */; };
		BCE850922010FFBB00D32A04 /* fish_2_00027.png in Resources */ = {isa = PBXBuildFile; fileRef = BCE84FE22010FFBB00D32A04 /* fish_2_00027.png */; };
		BCE850932010FFBB00D32A04 /* fish_2_00028.png in Resources */ = {isa = PBXBuildFile; fileRef = BCE84FE32010FFBB00D32A04 /* fish_2_00028.png */; };
		BCE850942010FFBB00D32A04 /* fish_2_00029.png in Resources */ = {isa = PBXBuildFile; fileRef = BCE84FE42010FFBB00D32A04 /* fish_2_00029.png */; };
		BCE850952010FFBB00D32A04 /* fish_2_00030.png in Resources */ = {isa = PBXBuildFile; fileRef = BCE84FE52010FFBB00D32A04 /* fish_2_00030.png */; };
		BCE850962010FFBB00D32A04 /* fish_2_00031.png in Resources */ = {isa = PBXBuildFile; fileRef = BCE84FE62010FFBB00D32A04 /* fish_2_00031.png */; };
		BCE850972010FFBB00D32A04 /* fish_2_00032.png in Resources */ = {isa = PBXBuildFile; fileRef = BCE84FE72010FFBB00D32A04 /* fish_2_00032.png */; };
		BCE850982010FFBB00D32A04 /* fish_2_00033.png in Resources */ = {isa = PBXBuildFile; fileRef = BCE84FE82010FFBB00D32A04 /* fish_2_00033.png */; };
		BCE850992010FFBB00D32A04 /* fish_2_00034.png in Resources */ = {isa = PBXBuildFile; fileRef = BCE84FE92010FFBB00D32A04 /* fish_2_00034.png */; };
		BCE8509A2010FFBB00D32A04 /* fish_2_00035.png in Resources */ = {isa = PBXBuildFile; fileRef = BCE84FEA2010FFBB00D32A04 /* fish_2_00035.png */; };
		BCE8509B2010FFBB00D32A04 /* fish_2_00036.png in Resources */ = {isa = PBXBuildFile; fileRef = BCE84FEB2010FFBB00D32A04 /* fish_2_00036.png */; };
		BCE8509C2010FFBB00D32A04 /* fish_2_00037.png in Resources */ = {isa = PBXBuildFile; fileRef = BCE84FEC2010FFBB00D32A04 /* fish_2_00037.png */; };
		BCE8509D2010FFBB00D32A04 /* fish_2_00038.png in Resources */ = {isa = PBXBuildFile; fileRef = BCE84FED2010FFBB00D32A04 /* fish_2_00038.png */; };
		BCE8509E2010FFBB00D32A04 /* fish_2_00039.png in Resources */ = {isa = PBXBuildFile; fileRef = BCE84FEE2010FFBB00D32A04 /* fish_2_00039.png */; };
		BCE8509F2010FFBB00D32A04 /* fish_2_00040.png in Resources */ = {isa = PBXBuildFile; fileRef = BCE84FEF2010FFBB00D32A04 /* fish_2_00040.png */; };
		BCE850A02010FFBB00D32A04 /* fish_2_00041.png in Resources */ = {isa = PBXBuildFile; fileRef = BCE84FF02010FFBB00D32A04 /* fish_2_00041.png */; };
		BCE850A12010FFBB00D32A04 /* fish_2_00042.png in Resources */ = {isa = PBXBuildFile; fileRef = BCE84FF12010FFBB00D32A04 /* fish_2_00042.png */; };
		BCE850A22010FFBB00D32A04 /* fish_2_00043.png in Resources */ = {isa = PBXBuildFile; fileRef = BCE84FF22010FFBB00D32A04 /* fish_2_00043.png */; };
		BCE850A32010FFBB00D32A04 /* fish_2_00044.png in Resources */ = {isa = PBXBuildFile; fileRef = BCE84FF32010FFBB00D32A04 /* fish_2_00044.png */; };
		BCE850A42010FFBB00D32A04 /* fish_2_00045.png in Resources */ = {isa = PBXBuildFile; fileRef = BCE84FF42010FFBB00D32A04 /* fish_2_00045.png */; };
		BCE850A52010FFBB00D32A04 /* fish_2_00046.png in Resources */ = {isa = PBXBuildFile; fileRef = BCE84FF52010FFBB00D32A04 /* fish_2_00046.png */; };
		BCE850A62010FFBB00D32A04 /* fish_2_00047.png in Resources */ = {isa = PBXBuildFile; fileRef = BCE84FF62010FFBB00D32A04 /* fish_2_00047.png */; };
		BCE850A72010FFBB00D32A04 /* fish_2_00048.png in Resources */ = {isa = PBXBuildFile; fileRef = BCE84FF72010FFBB00D32A04 /* fish_2_00048.png */; };
		BCE850A82010FFBB00D32A04 /* fish_2_00049.png in Resources */ = {isa = PBXBuildFile; fileRef = BCE84FF82010FFBB00D32A04 /* fish_2_00049.png */; };
		BCE850A92010FFBB00D32A04 /* fish_2_00050.png in Resources */ = {isa = PBXBuildFile; fileRef = BCE84FF92010FFBB00D32A04 /* fish_2_00050.png */; };
		BCE850AA2010FFBB00D32A04 /* fish_2_00051.png in Resources */ = {isa = PBXBuildFile; fileRef = BCE84FFA2010FFBB00D32A04 /* fish_2_00051.png */; };
		BCE850AB2010FFBB00D32A04 /* fish_2_00052.png in Resources */ = {isa = PBXBuildFile; fileRef = BCE84FFB2010FFBB00D32A04 /* fish_2_00052.png */; };
		BCE850AC2010FFBB00D32A04 /* fish_2_00053.png in Resources */ = {isa = PBXBuildFile; fileRef = BCE84FFC2010FFBB00D32A04 /* fish_2_00053.png */; };
		BCE850AD2010FFBB00D32A04 /* fish_2_00054.png in Resources */ = {isa = PBXBuildFile; fileRef = BCE84FFD2010FFBB00D32A04 /* fish_2_00054.png */; };
		BCE850AE2010FFBB00D32A04 /* fish_2_00055.png in Resources */ = {isa = PBXBuildFile; fileRef = BCE84FFE2010FFBB00D32A04 /* fish_2_00055.png */; };
		BCE850AF2010FFBB00D32A04 /* fish_2_00056.png in Resources */ = {isa = PBXBuildFile; fileRef = BCE84FFF2010FFBB00D32A04 /* fish_2_00056.png */; };
		BCE850B02010FFBB00D32A04 /* fish_2_00057.png in Resources */ = {isa = PBXBuildFile; fileRef = BCE850002010FFBB00D32A04 /* fish_2_00057.png */; };
		BCE850B12010FFBB00D32A04 /* fish_2_00058.png in Resources */ = {isa = PBXBuildFile; fileRef = BCE850012010FFBB00D32A04 /* fish_2_00058.png */; };
		BCE850B22010FFBB00D32A04 /* fish_2_00059.png in Resources */ = {isa = PBXBuildFile; fileRef = BCE850022010FFBB00D32A04 /* fish_2_00059.png */; };
		BCE850B32010FFBB00D32A04 /* Food.sks in Resources */ = {isa = PBXBuildFile; fileRef = BCE850032010FFBB00D32A04 /* Food.sks */; };
		BCE850B42010FFBB00D32A04 /* plant_00000.png in Resources */ = {isa = PBXBuildFile; fileRef = BCE850052010FFBB00D32A04 /* plant_00000.png */; };
		BCE850B62010FFBB00D32A04 /* ripple_00000.png in Resources */ = {isa = PBXBuildFile; fileRef = BCE850082010FFBB00D32A04 /* ripple_00000.png */; };
		BCE850B72010FFBB00D32A04 /* ripple_00001.png in Resources */ = {isa = PBXBuildFile; fileRef = BCE850092010FFBB00D32A04 /* ripple_00001.png */; };
		BCE850B82010FFBB00D32A04 /* ripple_00002.png in Resources */ = {isa = PBXBuildFile; fileRef = BCE8500A2010FFBB00D32A04 /* ripple_00002.png */; };
		BCE850B92010FFBB00D32A04 /* ripple_00003.png in Resources */ = {isa = PBXBuildFile; fileRef = BCE8500B2010FFBB00D32A04 /* ripple_00003.png */; };
		BCE850BA2010FFBB00D32A04 /* ripple_00004.png in Resources */ = {isa = PBXBuildFile; fileRef = BCE8500C2010FFBB00D32A04 /* ripple_00004.png */; };
		BCE850BB2010FFBB00D32A04 /* ripple_00005.png in Resources */ = {isa = PBXBuildFile; fileRef = BCE8500D2010FFBB00D32A04 /* ripple_00005.png */; };
		BCE850BC2010FFBB00D32A04 /* ripple_00006.png in Resources */ = {isa = PBXBuildFile; fileRef = BCE8500E2010FFBB00D32A04 /* ripple_00006.png */; };
		BCE850BD2010FFBB00D32A04 /* ripple_00007.png in Resources */ = {isa = PBXBuildFile; fileRef = BCE8500F2010FFBB00D32A04 /* ripple_00007.png */; };
		BCE850BE2010FFBB00D32A04 /* ripple_00008.png in Resources */ = {isa = PBXBuildFile; fileRef = BCE850102010FFBB00D32A04 /* ripple_00008.png */; };
		BCE850BF2010FFBB00D32A04 /* ripple_00009.png in Resources */ = {isa = PBXBuildFile; fileRef = BCE850112010FFBB00D32A04 /* ripple_00009.png */; };
		BCE850C02010FFBB00D32A04 /* ripple_00010.png in Resources */ = {isa = PBXBuildFile; fileRef = BCE850122010FFBB00D32A04 /* ripple_00010.png */; };
		BCE850C12010FFBB00D32A04 /* ripple_00011.png in Resources */ = {isa = PBXBuildFile; fileRef = BCE850132010FFBB00D32A04 /* ripple_00011.png */; };
		BCE850C22010FFBB00D32A04 /* ripple_00012.png in Resources */ = {isa = PBXBuildFile; fileRef = BCE850142010FFBB00D32A04 /* ripple_00012.png */; };
		BCE850C32010FFBB00D32A04 /* ripple_00013.png in Resources */ = {isa = PBXBuildFile; fileRef = BCE850152010FFBB00D32A04 /* ripple_00013.png */; };
		BCE850C42010FFBB00D32A04 /* ripple_00014.png in Resources */ = {isa = PBXBuildFile; fileRef = BCE850162010FFBB00D32A04 /* ripple_00014.png */; };
		BCE850C52010FFBB00D32A04 /* ripple_00015.png in Resources */ = {isa = PBXBuildFile; fileRef = BCE850172010FFBB00D32A04 /* ripple_00015.png */; };
		BCE850C62010FFBB00D32A04 /* ripple_00016.png in Resources */ = {isa = PBXBuildFile; fileRef = BCE850182010FFBB00D32A04 /* ripple_00016.png */; };
		BCE850C72010FFBB00D32A04 /* ripple_00017.png in Resources */ = {isa = PBXBuildFile; fileRef = BCE850192010FFBB00D32A04 /* ripple_00017.png */; };
		BCE850C82010FFBB00D32A04 /* ripple_00018.png in Resources */ = {isa = PBXBuildFile; fileRef = BCE8501A2010FFBB00D32A04 /* ripple_00018.png */; };
		BCE850C92010FFBB00D32A04 /* ripple_00019.png in Resources */ = {isa = PBXBuildFile; fileRef = BCE8501B2010FFBB00D32A04 /* ripple_00019.png */; };
		BCE850CA2010FFBB00D32A04 /* ripple_00020.png in Resources */ = {isa = PBXBuildFile; fileRef = BCE8501C2010FFBB00D32A04 /* ripple_00020.png */; };
		BCE850CB2010FFBB00D32A04 /* ripple_00021.png in Resources */ = {isa = PBXBuildFile; fileRef = BCE8501D2010FFBB00D32A04 /* ripple_00021.png */; };
		BCE850CC2010FFBB00D32A04 /* ripple_00022.png in Resources */ = {isa = PBXBuildFile; fileRef = BCE8501E2010FFBB00D32A04 /* ripple_00022.png */; };
		BCE850CD2010FFBB00D32A04 /* ripple_00023.png in Resources */ = {isa = PBXBuildFile; fileRef = BCE8501F2010FFBB00D32A04 /* ripple_00023.png */; };
		BCE850CE2010FFBB00D32A04 /* ripple_00024.png in Resources */ = {isa = PBXBuildFile; fileRef = BCE850202010FFBB00D32A04 /* ripple_00024.png */; };
		BCE850CF2010FFBB00D32A04 /* ripple_00025.png in Resources */ = {isa = PBXBuildFile; fileRef = BCE850212010FFBB00D32A04 /* ripple_00025.png */; };
		BCE850D02010FFBB00D32A04 /* ripple_00026.png in Resources */ = {isa = PBXBuildFile; fileRef = BCE850222010FFBB00D32A04 /* ripple_00026.png */; };
		BCE850D12010FFBB00D32A04 /* ripple_00027.png in Resources */ = {isa = PBXBuildFile; fileRef = BCE850232010FFBB00D32A04 /* ripple_00027.png */; };
		BCE850D22010FFBB00D32A04 /* ripple_00028.png in Resources */ = {isa = PBXBuildFile; fileRef = BCE850242010FFBB00D32A04 /* ripple_00028.png */; };
		BCE850D32010FFBB00D32A04 /* ripple_00029.png in Resources */ = {isa = PBXBuildFile; fileRef = BCE850252010FFBB00D32A04 /* ripple_00029.png */; };
		BCE850D42010FFBB00D32A04 /* Ripple.sks in Resources */ = {isa = PBXBuildFile; fileRef = BCE850262010FFBB00D32A04 /* Ripple.sks */; };
		BCE850D52010FFBB00D32A04 /* spark.png in Resources */ = {isa = PBXBuildFile; fileRef = BCE850272010FFBB00D32A04 /* spark.png */; };
		BCE850D62010FFBB00D32A04 /* water_2_00000.png in Resources */ = {isa = PBXBuildFile; fileRef = BCE850292010FFBB00D32A04 /* water_2_00000.png */; };
		BCE850D72010FFBB00D32A04 /* CGFloat+Extensions.swift in Sources */ = {isa = PBXBuildFile; fileRef = BCE8502B2010FFBB00D32A04 /* CGFloat+Extensions.swift */; };
		BCE850D82010FFBB00D32A04 /* CGPoint+Extensions.swift in Sources */ = {isa = PBXBuildFile; fileRef = BCE8502C2010FFBB00D32A04 /* CGPoint+Extensions.swift */; };
		BCE850D92010FFBB00D32A04 /* CGVector+Extensions.swift in Sources */ = {isa = PBXBuildFile; fileRef = BCE8502D2010FFBB00D32A04 /* CGVector+Extensions.swift */; };
		BCE850DA2010FFBB00D32A04 /* Int+Extensions.swift in Sources */ = {isa = PBXBuildFile; fileRef = BCE8502E2010FFBB00D32A04 /* Int+Extensions.swift */; };
		BCE850DB2010FFBB00D32A04 /* LICENSE.txt in Resources */ = {isa = PBXBuildFile; fileRef = BCE8502F2010FFBB00D32A04 /* LICENSE.txt */; };
		BCE850DC2010FFBB00D32A04 /* SKAction+Extensions.swift in Sources */ = {isa = PBXBuildFile; fileRef = BCE850302010FFBB00D32A04 /* SKAction+Extensions.swift */; };
		BCE850DD2010FFBB00D32A04 /* SKAction+SpecialEffects.swift in Sources */ = {isa = PBXBuildFile; fileRef = BCE850312010FFBB00D32A04 /* SKAction+SpecialEffects.swift */; };
		BCE850DE2010FFBB00D32A04 /* SKColor+Extensions.swift in Sources */ = {isa = PBXBuildFile; fileRef = BCE850322010FFBB00D32A04 /* SKColor+Extensions.swift */; };
		BCE850DF2010FFBB00D32A04 /* SKNode+Extensions.swift in Sources */ = {isa = PBXBuildFile; fileRef = BCE850332010FFBB00D32A04 /* SKNode+Extensions.swift */; };
		BCE850E02010FFBB00D32A04 /* SKTAudio.swift in Sources */ = {isa = PBXBuildFile; fileRef = BCE850342010FFBB00D32A04 /* SKTAudio.swift */; };
		BCE850E12010FFBB00D32A04 /* SKTEffects.swift in Sources */ = {isa = PBXBuildFile; fileRef = BCE850352010FFBB00D32A04 /* SKTEffects.swift */; };
		BCE850E22010FFBB00D32A04 /* SKTTimingFunctions.swift in Sources */ = {isa = PBXBuildFile; fileRef = BCE850362010FFBB00D32A04 /* SKTTimingFunctions.swift */; };
		BCE850E32010FFBB00D32A04 /* Vector3.swift in Sources */ = {isa = PBXBuildFile; fileRef = BCE850372010FFBB00D32A04 /* Vector3.swift */; };
		BCE850E9201110FE00D32A04 /* PondScene-Main.sks in Resources */ = {isa = PBXBuildFile; fileRef = BCE850E6201110FE00D32A04 /* PondScene-Main.sks */; };
		BCF631E42013998C00D43C79 /* dion.png in Resources */ = {isa = PBXBuildFile; fileRef = BCF631E32013998C00D43C79 /* dion.png */; };
		BCF631E620139A2200D43C79 /* mgwu.png in Resources */ = {isa = PBXBuildFile; fileRef = BCF631E520139A2200D43C79 /* mgwu.png */; };
		BCF9930A2012BE15006EE543 /* PondScene-Water.sks in Resources */ = {isa = PBXBuildFile; fileRef = BCE850E4201110FE00D32A04 /* PondScene-Water.sks */; };
		BCF9930C2012BF55006EE543 /* PondScene-Plants.sks in Resources */ = {isa = PBXBuildFile; fileRef = BCE850E5201110FE00D32A04 /* PondScene-Plants.sks */; };
/* End PBXBuildFile section */

/* Begin PBXFileReference section */
		BCBF16441F74206600B91E08 /* HelloARKit.app */ = {isa = PBXFileReference; explicitFileType = wrapper.application; includeInIndex = 0; path = HelloARKit.app; sourceTree = BUILT_PRODUCTS_DIR; };
		BCBF16471F74206600B91E08 /* AppDelegate.swift */ = {isa = PBXFileReference; lastKnownFileType = sourcecode.swift; path = AppDelegate.swift; sourceTree = "<group>"; };
		BCBF16491F74206600B91E08 /* art.scnassets */ = {isa = PBXFileReference; lastKnownFileType = wrapper.scnassets; path = art.scnassets; sourceTree = "<group>"; };
		BCBF164B1F74206600B91E08 /* ARSceneKitViewController.swift */ = {isa = PBXFileReference; lastKnownFileType = sourcecode.swift; path = ARSceneKitViewController.swift; sourceTree = "<group>"; };
		BCBF164E1F74206600B91E08 /* Base */ = {isa = PBXFileReference; lastKnownFileType = file.storyboard; name = Base; path = Base.lproj/Main.storyboard; sourceTree = "<group>"; };
		BCBF16501F74206600B91E08 /* Assets.xcassets */ = {isa = PBXFileReference; lastKnownFileType = folder.assetcatalog; path = Assets.xcassets; sourceTree = "<group>"; };
		BCBF16531F74206600B91E08 /* Base */ = {isa = PBXFileReference; lastKnownFileType = file.storyboard; name = Base; path = Base.lproj/LaunchScreen.storyboard; sourceTree = "<group>"; };
		BCBF16551F74206600B91E08 /* Info.plist */ = {isa = PBXFileReference; lastKnownFileType = text.plist.xml; path = Info.plist; sourceTree = "<group>"; };
		BCBF167D1F75A1C800B91E08 /* Scene.sks */ = {isa = PBXFileReference; lastKnownFileType = file.sks; path = Scene.sks; sourceTree = "<group>"; };
		BCBF167E1F75A1D500B91E08 /* ARSpriteKitViewController.swift */ = {isa = PBXFileReference; lastKnownFileType = sourcecode.swift; path = ARSpriteKitViewController.swift; sourceTree = "<group>"; };
		BCBF167F1F75A1D500B91E08 /* Scene.swift */ = {isa = PBXFileReference; lastKnownFileType = sourcecode.swift; path = Scene.swift; sourceTree = "<group>"; };
		BCBF16871F75B8A100B91E08 /* ms-logo.png */ = {isa = PBXFileReference; lastKnownFileType = image.png; path = "ms-logo.png"; sourceTree = "<group>"; };
		BCE84F852010FFBB00D32A04 /* Fish.swift */ = {isa = PBXFileReference; fileEncoding = 4; lastKnownFileType = sourcecode.swift; path = Fish.swift; sourceTree = "<group>"; };
		BCE84F862010FFBB00D32A04 /* PondScene.swift */ = {isa = PBXFileReference; fileEncoding = 4; lastKnownFileType = sourcecode.swift; path = PondScene.swift; sourceTree = "<group>"; };
		BCE84F882010FFBB00D32A04 /* Fish.sks */ = {isa = PBXFileReference; lastKnownFileType = file.sks; path = Fish.sks; sourceTree = "<group>"; };
		BCE84F8A2010FFBB00D32A04 /* fish_100000.png */ = {isa = PBXFileReference; lastKnownFileType = image.png; path = fish_100000.png; sourceTree = "<group>"; };
		BCE84F8B2010FFBB00D32A04 /* fish_100001.png */ = {isa = PBXFileReference; lastKnownFileType = image.png; path = fish_100001.png; sourceTree = "<group>"; };
		BCE84F8C2010FFBB00D32A04 /* fish_100002.png */ = {isa = PBXFileReference; lastKnownFileType = image.png; path = fish_100002.png; sourceTree = "<group>"; };
		BCE84F8D2010FFBB00D32A04 /* fish_100003.png */ = {isa = PBXFileReference; lastKnownFileType = image.png; path = fish_100003.png; sourceTree = "<group>"; };
		BCE84F8E2010FFBB00D32A04 /* fish_100004.png */ = {isa = PBXFileReference; lastKnownFileType = image.png; path = fish_100004.png; sourceTree = "<group>"; };
		BCE84F8F2010FFBB00D32A04 /* fish_100005.png */ = {isa = PBXFileReference; lastKnownFileType = image.png; path = fish_100005.png; sourceTree = "<group>"; };
		BCE84F902010FFBB00D32A04 /* fish_100006.png */ = {isa = PBXFileReference; lastKnownFileType = image.png; path = fish_100006.png; sourceTree = "<group>"; };
		BCE84F912010FFBB00D32A04 /* fish_100007.png */ = {isa = PBXFileReference; lastKnownFileType = image.png; path = fish_100007.png; sourceTree = "<group>"; };
		BCE84F922010FFBB00D32A04 /* fish_100008.png */ = {isa = PBXFileReference; lastKnownFileType = image.png; path = fish_100008.png; sourceTree = "<group>"; };
		BCE84F932010FFBB00D32A04 /* fish_100009.png */ = {isa = PBXFileReference; lastKnownFileType = image.png; path = fish_100009.png; sourceTree = "<group>"; };
		BCE84F942010FFBB00D32A04 /* fish_100010.png */ = {isa = PBXFileReference; lastKnownFileType = image.png; path = fish_100010.png; sourceTree = "<group>"; };
		BCE84F952010FFBB00D32A04 /* fish_100011.png */ = {isa = PBXFileReference; lastKnownFileType = image.png; path = fish_100011.png; sourceTree = "<group>"; };
		BCE84F962010FFBB00D32A04 /* fish_100012.png */ = {isa = PBXFileReference; lastKnownFileType = image.png; path = fish_100012.png; sourceTree = "<group>"; };
		BCE84F972010FFBB00D32A04 /* fish_100013.png */ = {isa = PBXFileReference; lastKnownFileType = image.png; path = fish_100013.png; sourceTree = "<group>"; };
		BCE84F982010FFBB00D32A04 /* fish_100014.png */ = {isa = PBXFileReference; lastKnownFileType = image.png; path = fish_100014.png; sourceTree = "<group>"; };
		BCE84F992010FFBB00D32A04 /* fish_100015.png */ = {isa = PBXFileReference; lastKnownFileType = image.png; path = fish_100015.png; sourceTree = "<group>"; };
		BCE84F9A2010FFBB00D32A04 /* fish_100016.png */ = {isa = PBXFileReference; lastKnownFileType = image.png; path = fish_100016.png; sourceTree = "<group>"; };
		BCE84F9B2010FFBB00D32A04 /* fish_100017.png */ = {isa = PBXFileReference; lastKnownFileType = image.png; path = fish_100017.png; sourceTree = "<group>"; };
		BCE84F9C2010FFBB00D32A04 /* fish_100018.png */ = {isa = PBXFileReference; lastKnownFileType = image.png; path = fish_100018.png; sourceTree = "<group>"; };
		BCE84F9D2010FFBB00D32A04 /* fish_100019.png */ = {isa = PBXFileReference; lastKnownFileType = image.png; path = fish_100019.png; sourceTree = "<group>"; };
		BCE84F9E2010FFBB00D32A04 /* fish_100020.png */ = {isa = PBXFileReference; lastKnownFileType = image.png; path = fish_100020.png; sourceTree = "<group>"; };
		BCE84F9F2010FFBB00D32A04 /* fish_100021.png */ = {isa = PBXFileReference; lastKnownFileType = image.png; path = fish_100021.png; sourceTree = "<group>"; };
		BCE84FA02010FFBB00D32A04 /* fish_100022.png */ = {isa = PBXFileReference; lastKnownFileType = image.png; path = fish_100022.png; sourceTree = "<group>"; };
		BCE84FA12010FFBB00D32A04 /* fish_100023.png */ = {isa = PBXFileReference; lastKnownFileType = image.png; path = fish_100023.png; sourceTree = "<group>"; };
		BCE84FA22010FFBB00D32A04 /* fish_100024.png */ = {isa = PBXFileReference; lastKnownFileType = image.png; path = fish_100024.png; sourceTree = "<group>"; };
		BCE84FA32010FFBB00D32A04 /* fish_100025.png */ = {isa = PBXFileReference; lastKnownFileType = image.png; path = fish_100025.png; sourceTree = "<group>"; };
		BCE84FA42010FFBB00D32A04 /* fish_100026.png */ = {isa = PBXFileReference; lastKnownFileType = image.png; path = fish_100026.png; sourceTree = "<group>"; };
		BCE84FA52010FFBB00D32A04 /* fish_100027.png */ = {isa = PBXFileReference; lastKnownFileType = image.png; path = fish_100027.png; sourceTree = "<group>"; };
		BCE84FA62010FFBB00D32A04 /* fish_100028.png */ = {isa = PBXFileReference; lastKnownFileType = image.png; path = fish_100028.png; sourceTree = "<group>"; };
		BCE84FA72010FFBB00D32A04 /* fish_100029.png */ = {isa = PBXFileReference; lastKnownFileType = image.png; path = fish_100029.png; sourceTree = "<group>"; };
		BCE84FA82010FFBB00D32A04 /* fish_100030.png */ = {isa = PBXFileReference; lastKnownFileType = image.png; path = fish_100030.png; sourceTree = "<group>"; };
		BCE84FA92010FFBB00D32A04 /* fish_100031.png */ = {isa = PBXFileReference; lastKnownFileType = image.png; path = fish_100031.png; sourceTree = "<group>"; };
		BCE84FAA2010FFBB00D32A04 /* fish_100032.png */ = {isa = PBXFileReference; lastKnownFileType = image.png; path = fish_100032.png; sourceTree = "<group>"; };
		BCE84FAB2010FFBB00D32A04 /* fish_100033.png */ = {isa = PBXFileReference; lastKnownFileType = image.png; path = fish_100033.png; sourceTree = "<group>"; };
		BCE84FAC2010FFBB00D32A04 /* fish_100034.png */ = {isa = PBXFileReference; lastKnownFileType = image.png; path = fish_100034.png; sourceTree = "<group>"; };
		BCE84FAD2010FFBB00D32A04 /* fish_100035.png */ = {isa = PBXFileReference; lastKnownFileType = image.png; path = fish_100035.png; sourceTree = "<group>"; };
		BCE84FAE2010FFBB00D32A04 /* fish_100036.png */ = {isa = PBXFileReference; lastKnownFileType = image.png; path = fish_100036.png; sourceTree = "<group>"; };
		BCE84FAF2010FFBB00D32A04 /* fish_100037.png */ = {isa = PBXFileReference; lastKnownFileType = image.png; path = fish_100037.png; sourceTree = "<group>"; };
		BCE84FB02010FFBB00D32A04 /* fish_100038.png */ = {isa = PBXFileReference; lastKnownFileType = image.png; path = fish_100038.png; sourceTree = "<group>"; };
		BCE84FB12010FFBB00D32A04 /* fish_100039.png */ = {isa = PBXFileReference; lastKnownFileType = image.png; path = fish_100039.png; sourceTree = "<group>"; };
		BCE84FB22010FFBB00D32A04 /* fish_100040.png */ = {isa = PBXFileReference; lastKnownFileType = image.png; path = fish_100040.png; sourceTree = "<group>"; };
		BCE84FB32010FFBB00D32A04 /* fish_100041.png */ = {isa = PBXFileReference; lastKnownFileType = image.png; path = fish_100041.png; sourceTree = "<group>"; };
		BCE84FB42010FFBB00D32A04 /* fish_100042.png */ = {isa = PBXFileReference; lastKnownFileType = image.png; path = fish_100042.png; sourceTree = "<group>"; };
		BCE84FB52010FFBB00D32A04 /* fish_100043.png */ = {isa = PBXFileReference; lastKnownFileType = image.png; path = fish_100043.png; sourceTree = "<group>"; };
		BCE84FB62010FFBB00D32A04 /* fish_100044.png */ = {isa = PBXFileReference; lastKnownFileType = image.png; path = fish_100044.png; sourceTree = "<group>"; };
		BCE84FB72010FFBB00D32A04 /* fish_100045.png */ = {isa = PBXFileReference; lastKnownFileType = image.png; path = fish_100045.png; sourceTree = "<group>"; };
		BCE84FB82010FFBB00D32A04 /* fish_100046.png */ = {isa = PBXFileReference; lastKnownFileType = image.png; path = fish_100046.png; sourceTree = "<group>"; };
		BCE84FB92010FFBB00D32A04 /* fish_100047.png */ = {isa = PBXFileReference; lastKnownFileType = image.png; path = fish_100047.png; sourceTree = "<group>"; };
		BCE84FBA2010FFBB00D32A04 /* fish_100048.png */ = {isa = PBXFileReference; lastKnownFileType = image.png; path = fish_100048.png; sourceTree = "<group>"; };
		BCE84FBB2010FFBB00D32A04 /* fish_100049.png */ = {isa = PBXFileReference; lastKnownFileType = image.png; path = fish_100049.png; sourceTree = "<group>"; };
		BCE84FBC2010FFBB00D32A04 /* fish_100050.png */ = {isa = PBXFileReference; lastKnownFileType = image.png; path = fish_100050.png; sourceTree = "<group>"; };
		BCE84FBD2010FFBB00D32A04 /* fish_100051.png */ = {isa = PBXFileReference; lastKnownFileType = image.png; path = fish_100051.png; sourceTree = "<group>"; };
		BCE84FBE2010FFBB00D32A04 /* fish_100052.png */ = {isa = PBXFileReference; lastKnownFileType = image.png; path = fish_100052.png; sourceTree = "<group>"; };
		BCE84FBF2010FFBB00D32A04 /* fish_100053.png */ = {isa = PBXFileReference; lastKnownFileType = image.png; path = fish_100053.png; sourceTree = "<group>"; };
		BCE84FC02010FFBB00D32A04 /* fish_100054.png */ = {isa = PBXFileReference; lastKnownFileType = image.png; path = fish_100054.png; sourceTree = "<group>"; };
		BCE84FC12010FFBB00D32A04 /* fish_100055.png */ = {isa = PBXFileReference; lastKnownFileType = image.png; path = fish_100055.png; sourceTree = "<group>"; };
		BCE84FC22010FFBB00D32A04 /* fish_100056.png */ = {isa = PBXFileReference; lastKnownFileType = image.png; path = fish_100056.png; sourceTree = "<group>"; };
		BCE84FC32010FFBB00D32A04 /* fish_100057.png */ = {isa = PBXFileReference; lastKnownFileType = image.png; path = fish_100057.png; sourceTree = "<group>"; };
		BCE84FC42010FFBB00D32A04 /* fish_100058.png */ = {isa = PBXFileReference; lastKnownFileType = image.png; path = fish_100058.png; sourceTree = "<group>"; };
		BCE84FC52010FFBB00D32A04 /* fish_100059.png */ = {isa = PBXFileReference; lastKnownFileType = image.png; path = fish_100059.png; sourceTree = "<group>"; };
		BCE84FC72010FFBB00D32A04 /* fish_2_00000.png */ = {isa = PBXFileReference; lastKnownFileType = image.png; path = fish_2_00000.png; sourceTree = "<group>"; };
		BCE84FC82010FFBB00D32A04 /* fish_2_00001.png */ = {isa = PBXFileReference; lastKnownFileType = image.png; path = fish_2_00001.png; sourceTree = "<group>"; };
		BCE84FC92010FFBB00D32A04 /* fish_2_00002.png */ = {isa = PBXFileReference; lastKnownFileType = image.png; path = fish_2_00002.png; sourceTree = "<group>"; };
		BCE84FCA2010FFBB00D32A04 /* fish_2_00003.png */ = {isa = PBXFileReference; lastKnownFileType = image.png; path = fish_2_00003.png; sourceTree = "<group>"; };
		BCE84FCB2010FFBB00D32A04 /* fish_2_00004.png */ = {isa = PBXFileReference; lastKnownFileType = image.png; path = fish_2_00004.png; sourceTree = "<group>"; };
		BCE84FCC2010FFBB00D32A04 /* fish_2_00005.png */ = {isa = PBXFileReference; lastKnownFileType = image.png; path = fish_2_00005.png; sourceTree = "<group>"; };
		BCE84FCD2010FFBB00D32A04 /* fish_2_00006.png */ = {isa = PBXFileReference; lastKnownFileType = image.png; path = fish_2_00006.png; sourceTree = "<group>"; };
		BCE84FCE2010FFBB00D32A04 /* fish_2_00007.png */ = {isa = PBXFileReference; lastKnownFileType = image.png; path = fish_2_00007.png; sourceTree = "<group>"; };
		BCE84FCF2010FFBB00D32A04 /* fish_2_00008.png */ = {isa = PBXFileReference; lastKnownFileType = image.png; path = fish_2_00008.png; sourceTree = "<group>"; };
		BCE84FD02010FFBB00D32A04 /* fish_2_00009.png */ = {isa = PBXFileReference; lastKnownFileType = image.png; path = fish_2_00009.png; sourceTree = "<group>"; };
		BCE84FD12010FFBB00D32A04 /* fish_2_00010.png */ = {isa = PBXFileReference; lastKnownFileType = image.png; path = fish_2_00010.png; sourceTree = "<group>"; };
		BCE84FD22010FFBB00D32A04 /* fish_2_00011.png */ = {isa = PBXFileReference; lastKnownFileType = image.png; path = fish_2_00011.png; sourceTree = "<group>"; };
		BCE84FD32010FFBB00D32A04 /* fish_2_00012.png */ = {isa = PBXFileReference; lastKnownFileType = image.png; path = fish_2_00012.png; sourceTree = "<group>"; };
		BCE84FD42010FFBB00D32A04 /* fish_2_00013.png */ = {isa = PBXFileReference; lastKnownFileType = image.png; path = fish_2_00013.png; sourceTree = "<group>"; };
		BCE84FD52010FFBB00D32A04 /* fish_2_00014.png */ = {isa = PBXFileReference; lastKnownFileType = image.png; path = fish_2_00014.png; sourceTree = "<group>"; };
		BCE84FD62010FFBB00D32A04 /* fish_2_00015.png */ = {isa = PBXFileReference; lastKnownFileType = image.png; path = fish_2_00015.png; sourceTree = "<group>"; };
		BCE84FD72010FFBB00D32A04 /* fish_2_00016.png */ = {isa = PBXFileReference; lastKnownFileType = image.png; path = fish_2_00016.png; sourceTree = "<group>"; };
		BCE84FD82010FFBB00D32A04 /* fish_2_00017.png */ = {isa = PBXFileReference; lastKnownFileType = image.png; path = fish_2_00017.png; sourceTree = "<group>"; };
		BCE84FD92010FFBB00D32A04 /* fish_2_00018.png */ = {isa = PBXFileReference; lastKnownFileType = image.png; path = fish_2_00018.png; sourceTree = "<group>"; };
		BCE84FDA2010FFBB00D32A04 /* fish_2_00019.png */ = {isa = PBXFileReference; lastKnownFileType = image.png; path = fish_2_00019.png; sourceTree = "<group>"; };
		BCE84FDB2010FFBB00D32A04 /* fish_2_00020.png */ = {isa = PBXFileReference; lastKnownFileType = image.png; path = fish_2_00020.png; sourceTree = "<group>"; };
		BCE84FDC2010FFBB00D32A04 /* fish_2_00021.png */ = {isa = PBXFileReference; lastKnownFileType = image.png; path = fish_2_00021.png; sourceTree = "<group>"; };
		BCE84FDD2010FFBB00D32A04 /* fish_2_00022.png */ = {isa = PBXFileReference; lastKnownFileType = image.png; path = fish_2_00022.png; sourceTree = "<group>"; };
		BCE84FDE2010FFBB00D32A04 /* fish_2_00023.png */ = {isa = PBXFileReference; lastKnownFileType = image.png; path = fish_2_00023.png; sourceTree = "<group>"; };
		BCE84FDF2010FFBB00D32A04 /* fish_2_00024.png */ = {isa = PBXFileReference; lastKnownFileType = image.png; path = fish_2_00024.png; sourceTree = "<group>"; };
		BCE84FE02010FFBB00D32A04 /* fish_2_00025.png */ = {isa = PBXFileReference; lastKnownFileType = image.png; path = fish_2_00025.png; sourceTree = "<group>"; };
		BCE84FE12010FFBB00D32A04 /* fish_2_00026.png */ = {isa = PBXFileReference; lastKnownFileType = image.png; path = fish_2_00026.png; sourceTree = "<group>"; };
		BCE84FE22010FFBB00D32A04 /* fish_2_00027.png */ = {isa = PBXFileReference; lastKnownFileType = image.png; path = fish_2_00027.png; sourceTree = "<group>"; };
		BCE84FE32010FFBB00D32A04 /* fish_2_00028.png */ = {isa = PBXFileReference; lastKnownFileType = image.png; path = fish_2_00028.png; sourceTree = "<group>"; };
		BCE84FE42010FFBB00D32A04 /* fish_2_00029.png */ = {isa = PBXFileReference; lastKnownFileType = image.png; path = fish_2_00029.png; sourceTree = "<group>"; };
		BCE84FE52010FFBB00D32A04 /* fish_2_00030.png */ = {isa = PBXFileReference; lastKnownFileType = image.png; path = fish_2_00030.png; sourceTree = "<group>"; };
		BCE84FE62010FFBB00D32A04 /* fish_2_00031.png */ = {isa = PBXFileReference; lastKnownFileType = image.png; path = fish_2_00031.png; sourceTree = "<group>"; };
		BCE84FE72010FFBB00D32A04 /* fish_2_00032.png */ = {isa = PBXFileReference; lastKnownFileType = image.png; path = fish_2_00032.png; sourceTree = "<group>"; };
		BCE84FE82010FFBB00D32A04 /* fish_2_00033.png */ = {isa = PBXFileReference; lastKnownFileType = image.png; path = fish_2_00033.png; sourceTree = "<group>"; };
		BCE84FE92010FFBB00D32A04 /* fish_2_00034.png */ = {isa = PBXFileReference; lastKnownFileType = image.png; path = fish_2_00034.png; sourceTree = "<group>"; };
		BCE84FEA2010FFBB00D32A04 /* fish_2_00035.png */ = {isa = PBXFileReference; lastKnownFileType = image.png; path = fish_2_00035.png; sourceTree = "<group>"; };
		BCE84FEB2010FFBB00D32A04 /* fish_2_00036.png */ = {isa = PBXFileReference; lastKnownFileType = image.png; path = fish_2_00036.png; sourceTree = "<group>"; };
		BCE84FEC2010FFBB00D32A04 /* fish_2_00037.png */ = {isa = PBXFileReference; lastKnownFileType = image.png; path = fish_2_00037.png; sourceTree = "<group>"; };
		BCE84FED2010FFBB00D32A04 /* fish_2_00038.png */ = {isa = PBXFileReference; lastKnownFileType = image.png; path = fish_2_00038.png; sourceTree = "<group>"; };
		BCE84FEE2010FFBB00D32A04 /* fish_2_00039.png */ = {isa = PBXFileReference; lastKnownFileType = image.png; path = fish_2_00039.png; sourceTree = "<group>"; };
		BCE84FEF2010FFBB00D32A04 /* fish_2_00040.png */ = {isa = PBXFileReference; lastKnownFileType = image.png; path = fish_2_00040.png; sourceTree = "<group>"; };
		BCE84FF02010FFBB00D32A04 /* fish_2_00041.png */ = {isa = PBXFileReference; lastKnownFileType = image.png; path = fish_2_00041.png; sourceTree = "<group>"; };
		BCE84FF12010FFBB00D32A04 /* fish_2_00042.png */ = {isa = PBXFileReference; lastKnownFileType = image.png; path = fish_2_00042.png; sourceTree = "<group>"; };
		BCE84FF22010FFBB00D32A04 /* fish_2_00043.png */ = {isa = PBXFileReference; lastKnownFileType = image.png; path = fish_2_00043.png; sourceTree = "<group>"; };
		BCE84FF32010FFBB00D32A04 /* fish_2_00044.png */ = {isa = PBXFileReference; lastKnownFileType = image.png; path = fish_2_00044.png; sourceTree = "<group>"; };
		BCE84FF42010FFBB00D32A04 /* fish_2_00045.png */ = {isa = PBXFileReference; lastKnownFileType = image.png; path = fish_2_00045.png; sourceTree = "<group>"; };
		BCE84FF52010FFBB00D32A04 /* fish_2_00046.png */ = {isa = PBXFileReference; lastKnownFileType = image.png; path = fish_2_00046.png; sourceTree = "<group>"; };
		BCE84FF62010FFBB00D32A04 /* fish_2_00047.png */ = {isa = PBXFileReference; lastKnownFileType = image.png; path = fish_2_00047.png; sourceTree = "<group>"; };
		BCE84FF72010FFBB00D32A04 /* fish_2_00048.png */ = {isa = PBXFileReference; lastKnownFileType = image.png; path = fish_2_00048.png; sourceTree = "<group>"; };
		BCE84FF82010FFBB00D32A04 /* fish_2_00049.png */ = {isa = PBXFileReference; lastKnownFileType = image.png; path = fish_2_00049.png; sourceTree = "<group>"; };
		BCE84FF92010FFBB00D32A04 /* fish_2_00050.png */ = {isa = PBXFileReference; lastKnownFileType = image.png; path = fish_2_00050.png; sourceTree = "<group>"; };
		BCE84FFA2010FFBB00D32A04 /* fish_2_00051.png */ = {isa = PBXFileReference; lastKnownFileType = image.png; path = fish_2_00051.png; sourceTree = "<group>"; };
		BCE84FFB2010FFBB00D32A04 /* fish_2_00052.png */ = {isa = PBXFileReference; lastKnownFileType = image.png; path = fish_2_00052.png; sourceTree = "<group>"; };
		BCE84FFC2010FFBB00D32A04 /* fish_2_00053.png */ = {isa = PBXFileReference; lastKnownFileType = image.png; path = fish_2_00053.png; sourceTree = "<group>"; };
		BCE84FFD2010FFBB00D32A04 /* fish_2_00054.png */ = {isa = PBXFileReference; lastKnownFileType = image.png; path = fish_2_00054.png; sourceTree = "<group>"; };
		BCE84FFE2010FFBB00D32A04 /* fish_2_00055.png */ = {isa = PBXFileReference; lastKnownFileType = image.png; path = fish_2_00055.png; sourceTree = "<group>"; };
		BCE84FFF2010FFBB00D32A04 /* fish_2_00056.png */ = {isa = PBXFileReference; lastKnownFileType = image.png; path = fish_2_00056.png; sourceTree = "<group>"; };
		BCE850002010FFBB00D32A04 /* fish_2_00057.png */ = {isa = PBXFileReference; lastKnownFileType = image.png; path = fish_2_00057.png; sourceTree = "<group>"; };
		BCE850012010FFBB00D32A04 /* fish_2_00058.png */ = {isa = PBXFileReference; lastKnownFileType = image.png; path = fish_2_00058.png; sourceTree = "<group>"; };
		BCE850022010FFBB00D32A04 /* fish_2_00059.png */ = {isa = PBXFileReference; lastKnownFileType = image.png; path = fish_2_00059.png; sourceTree = "<group>"; };
		BCE850032010FFBB00D32A04 /* Food.sks */ = {isa = PBXFileReference; lastKnownFileType = file.sks; path = Food.sks; sourceTree = "<group>"; };
		BCE850052010FFBB00D32A04 /* plant_00000.png */ = {isa = PBXFileReference; lastKnownFileType = image.png; path = plant_00000.png; sourceTree = "<group>"; };
		BCE850082010FFBB00D32A04 /* ripple_00000.png */ = {isa = PBXFileReference; lastKnownFileType = image.png; path = ripple_00000.png; sourceTree = "<group>"; };
		BCE850092010FFBB00D32A04 /* ripple_00001.png */ = {isa = PBXFileReference; lastKnownFileType = image.png; path = ripple_00001.png; sourceTree = "<group>"; };
		BCE8500A2010FFBB00D32A04 /* ripple_00002.png */ = {isa = PBXFileReference; lastKnownFileType = image.png; path = ripple_00002.png; sourceTree = "<group>"; };
		BCE8500B2010FFBB00D32A04 /* ripple_00003.png */ = {isa = PBXFileReference; lastKnownFileType = image.png; path = ripple_00003.png; sourceTree = "<group>"; };
		BCE8500C2010FFBB00D32A04 /* ripple_00004.png */ = {isa = PBXFileReference; lastKnownFileType = image.png; path = ripple_00004.png; sourceTree = "<group>"; };
		BCE8500D2010FFBB00D32A04 /* ripple_00005.png */ = {isa = PBXFileReference; lastKnownFileType = image.png; path = ripple_00005.png; sourceTree = "<group>"; };
		BCE8500E2010FFBB00D32A04 /* ripple_00006.png */ = {isa = PBXFileReference; lastKnownFileType = image.png; path = ripple_00006.png; sourceTree = "<group>"; };
		BCE8500F2010FFBB00D32A04 /* ripple_00007.png */ = {isa = PBXFileReference; lastKnownFileType = image.png; path = ripple_00007.png; sourceTree = "<group>"; };
		BCE850102010FFBB00D32A04 /* ripple_00008.png */ = {isa = PBXFileReference; lastKnownFileType = image.png; path = ripple_00008.png; sourceTree = "<group>"; };
		BCE850112010FFBB00D32A04 /* ripple_00009.png */ = {isa = PBXFileReference; lastKnownFileType = image.png; path = ripple_00009.png; sourceTree = "<group>"; };
		BCE850122010FFBB00D32A04 /* ripple_00010.png */ = {isa = PBXFileReference; lastKnownFileType = image.png; path = ripple_00010.png; sourceTree = "<group>"; };
		BCE850132010FFBB00D32A04 /* ripple_00011.png */ = {isa = PBXFileReference; lastKnownFileType = image.png; path = ripple_00011.png; sourceTree = "<group>"; };
		BCE850142010FFBB00D32A04 /* ripple_00012.png */ = {isa = PBXFileReference; lastKnownFileType = image.png; path = ripple_00012.png; sourceTree = "<group>"; };
		BCE850152010FFBB00D32A04 /* ripple_00013.png */ = {isa = PBXFileReference; lastKnownFileType = image.png; path = ripple_00013.png; sourceTree = "<group>"; };
		BCE850162010FFBB00D32A04 /* ripple_00014.png */ = {isa = PBXFileReference; lastKnownFileType = image.png; path = ripple_00014.png; sourceTree = "<group>"; };
		BCE850172010FFBB00D32A04 /* ripple_00015.png */ = {isa = PBXFileReference; lastKnownFileType = image.png; path = ripple_00015.png; sourceTree = "<group>"; };
		BCE850182010FFBB00D32A04 /* ripple_00016.png */ = {isa = PBXFileReference; lastKnownFileType = image.png; path = ripple_00016.png; sourceTree = "<group>"; };
		BCE850192010FFBB00D32A04 /* ripple_00017.png */ = {isa = PBXFileReference; lastKnownFileType = image.png; path = ripple_00017.png; sourceTree = "<group>"; };
		BCE8501A2010FFBB00D32A04 /* ripple_00018.png */ = {isa = PBXFileReference; lastKnownFileType = image.png; path = ripple_00018.png; sourceTree = "<group>"; };
		BCE8501B2010FFBB00D32A04 /* ripple_00019.png */ = {isa = PBXFileReference; lastKnownFileType = image.png; path = ripple_00019.png; sourceTree = "<group>"; };
		BCE8501C2010FFBB00D32A04 /* ripple_00020.png */ = {isa = PBXFileReference; lastKnownFileType = image.png; path = ripple_00020.png; sourceTree = "<group>"; };
		BCE8501D2010FFBB00D32A04 /* ripple_00021.png */ = {isa = PBXFileReference; lastKnownFileType = image.png; path = ripple_00021.png; sourceTree = "<group>"; };
		BCE8501E2010FFBB00D32A04 /* ripple_00022.png */ = {isa = PBXFileReference; lastKnownFileType = image.png; path = ripple_00022.png; sourceTree = "<group>"; };
		BCE8501F2010FFBB00D32A04 /* ripple_00023.png */ = {isa = PBXFileReference; lastKnownFileType = image.png; path = ripple_00023.png; sourceTree = "<group>"; };
		BCE850202010FFBB00D32A04 /* ripple_00024.png */ = {isa = PBXFileReference; lastKnownFileType = image.png; path = ripple_00024.png; sourceTree = "<group>"; };
		BCE850212010FFBB00D32A04 /* ripple_00025.png */ = {isa = PBXFileReference; lastKnownFileType = image.png; path = ripple_00025.png; sourceTree = "<group>"; };
		BCE850222010FFBB00D32A04 /* ripple_00026.png */ = {isa = PBXFileReference; lastKnownFileType = image.png; path = ripple_00026.png; sourceTree = "<group>"; };
		BCE850232010FFBB00D32A04 /* ripple_00027.png */ = {isa = PBXFileReference; lastKnownFileType = image.png; path = ripple_00027.png; sourceTree = "<group>"; };
		BCE850242010FFBB00D32A04 /* ripple_00028.png */ = {isa = PBXFileReference; lastKnownFileType = image.png; path = ripple_00028.png; sourceTree = "<group>"; };
		BCE850252010FFBB00D32A04 /* ripple_00029.png */ = {isa = PBXFileReference; lastKnownFileType = image.png; path = ripple_00029.png; sourceTree = "<group>"; };
		BCE850262010FFBB00D32A04 /* Ripple.sks */ = {isa = PBXFileReference; lastKnownFileType = file.sks; path = Ripple.sks; sourceTree = "<group>"; };
		BCE850272010FFBB00D32A04 /* spark.png */ = {isa = PBXFileReference; lastKnownFileType = image.png; path = spark.png; sourceTree = "<group>"; };
		BCE850292010FFBB00D32A04 /* water_2_00000.png */ = {isa = PBXFileReference; lastKnownFileType = image.png; path = water_2_00000.png; sourceTree = "<group>"; };
		BCE8502B2010FFBB00D32A04 /* CGFloat+Extensions.swift */ = {isa = PBXFileReference; fileEncoding = 4; lastKnownFileType = sourcecode.swift; path = "CGFloat+Extensions.swift"; sourceTree = "<group>"; };
		BCE8502C2010FFBB00D32A04 /* CGPoint+Extensions.swift */ = {isa = PBXFileReference; fileEncoding = 4; lastKnownFileType = sourcecode.swift; path = "CGPoint+Extensions.swift"; sourceTree = "<group>"; };
		BCE8502D2010FFBB00D32A04 /* CGVector+Extensions.swift */ = {isa = PBXFileReference; fileEncoding = 4; lastKnownFileType = sourcecode.swift; path = "CGVector+Extensions.swift"; sourceTree = "<group>"; };
		BCE8502E2010FFBB00D32A04 /* Int+Extensions.swift */ = {isa = PBXFileReference; fileEncoding = 4; lastKnownFileType = sourcecode.swift; path = "Int+Extensions.swift"; sourceTree = "<group>"; };
		BCE8502F2010FFBB00D32A04 /* LICENSE.txt */ = {isa = PBXFileReference; fileEncoding = 4; lastKnownFileType = text; path = LICENSE.txt; sourceTree = "<group>"; };
		BCE850302010FFBB00D32A04 /* SKAction+Extensions.swift */ = {isa = PBXFileReference; fileEncoding = 4; lastKnownFileType = sourcecode.swift; path = "SKAction+Extensions.swift"; sourceTree = "<group>"; };
		BCE850312010FFBB00D32A04 /* SKAction+SpecialEffects.swift */ = {isa = PBXFileReference; fileEncoding = 4; lastKnownFileType = sourcecode.swift; path = "SKAction+SpecialEffects.swift"; sourceTree = "<group>"; };
		BCE850322010FFBB00D32A04 /* SKColor+Extensions.swift */ = {isa = PBXFileReference; fileEncoding = 4; lastKnownFileType = sourcecode.swift; path = "SKColor+Extensions.swift"; sourceTree = "<group>"; };
		BCE850332010FFBB00D32A04 /* SKNode+Extensions.swift */ = {isa = PBXFileReference; fileEncoding = 4; lastKnownFileType = sourcecode.swift; path = "SKNode+Extensions.swift"; sourceTree = "<group>"; };
		BCE850342010FFBB00D32A04 /* SKTAudio.swift */ = {isa = PBXFileReference; fileEncoding = 4; lastKnownFileType = sourcecode.swift; path = SKTAudio.swift; sourceTree = "<group>"; };
		BCE850352010FFBB00D32A04 /* SKTEffects.swift */ = {isa = PBXFileReference; fileEncoding = 4; lastKnownFileType = sourcecode.swift; path = SKTEffects.swift; sourceTree = "<group>"; };
		BCE850362010FFBB00D32A04 /* SKTTimingFunctions.swift */ = {isa = PBXFileReference; fileEncoding = 4; lastKnownFileType = sourcecode.swift; path = SKTTimingFunctions.swift; sourceTree = "<group>"; };
		BCE850372010FFBB00D32A04 /* Vector3.swift */ = {isa = PBXFileReference; fileEncoding = 4; lastKnownFileType = sourcecode.swift; path = Vector3.swift; sourceTree = "<group>"; };
		BCE850E4201110FE00D32A04 /* PondScene-Water.sks */ = {isa = PBXFileReference; lastKnownFileType = file.sks; path = "PondScene-Water.sks"; sourceTree = "<group>"; };
		BCE850E5201110FE00D32A04 /* PondScene-Plants.sks */ = {isa = PBXFileReference; lastKnownFileType = file.sks; path = "PondScene-Plants.sks"; sourceTree = "<group>"; };
		BCE850E6201110FE00D32A04 /* PondScene-Main.sks */ = {isa = PBXFileReference; lastKnownFileType = file.sks; path = "PondScene-Main.sks"; sourceTree = "<group>"; };
		BCF631E32013998C00D43C79 /* dion.png */ = {isa = PBXFileReference; lastKnownFileType = image.png; path = dion.png; sourceTree = "<group>"; };
		BCF631E520139A2200D43C79 /* mgwu.png */ = {isa = PBXFileReference; lastKnownFileType = image.png; path = mgwu.png; sourceTree = "<group>"; };
/* End PBXFileReference section */

/* Begin PBXFrameworksBuildPhase section */
		BCBF16411F74206600B91E08 /* Frameworks */ = {
			isa = PBXFrameworksBuildPhase;
			buildActionMask = 2147483647;
			files = (
			);
			runOnlyForDeploymentPostprocessing = 0;
		};
/* End PBXFrameworksBuildPhase section */

/* Begin PBXGroup section */
		BCBF163B1F74206600B91E08 = {
			isa = PBXGroup;
			children = (
				BCBF16461F74206600B91E08 /* HelloARKit */,
				BCBF16451F74206600B91E08 /* Products */,
			);
			sourceTree = "<group>";
		};
		BCBF16451F74206600B91E08 /* Products */ = {
			isa = PBXGroup;
			children = (
				BCBF16441F74206600B91E08 /* HelloARKit.app */,
			);
			name = Products;
			sourceTree = "<group>";
		};
		BCBF16461F74206600B91E08 /* HelloARKit */ = {
			isa = PBXGroup;
			children = (
				BCBF16471F74206600B91E08 /* AppDelegate.swift */,
				BCBF167E1F75A1D500B91E08 /* ARSpriteKitViewController.swift */,
				BCBF164B1F74206600B91E08 /* ARSceneKitViewController.swift */,
				BCBF16491F74206600B91E08 /* art.scnassets */,
				BCBF167D1F75A1C800B91E08 /* Scene.sks */,
				BCBF167F1F75A1D500B91E08 /* Scene.swift */,
				BCF631E32013998C00D43C79 /* dion.png */,
				BCF631E520139A2200D43C79 /* mgwu.png */,
				BCBF16871F75B8A100B91E08 /* ms-logo.png */,
				BCBF164D1F74206600B91E08 /* Main.storyboard */,
				BCBF16501F74206600B91E08 /* Assets.xcassets */,
				BCBF16521F74206600B91E08 /* LaunchScreen.storyboard */,
				BCBF16551F74206600B91E08 /* Info.plist */,
				BCE84F842010FFBB00D32A04 /* FishPond */,
			);
			path = HelloARKit;
			sourceTree = "<group>";
		};
		BCE84F842010FFBB00D32A04 /* FishPond */ = {
			isa = PBXGroup;
			children = (
				BCE84F852010FFBB00D32A04 /* Fish.swift */,
				BCE84F862010FFBB00D32A04 /* PondScene.swift */,
				BCE84F872010FFBB00D32A04 /* Resources */,
				BCE8502A2010FFBB00D32A04 /* SKTUtils */,
			);
			path = FishPond;
			sourceTree = "<group>";
		};
		BCE84F872010FFBB00D32A04 /* Resources */ = {
			isa = PBXGroup;
			children = (
				BCE84F882010FFBB00D32A04 /* Fish.sks */,
				BCE84F892010FFBB00D32A04 /* fish_1 */,
				BCE84FC62010FFBB00D32A04 /* fish_2 */,
				BCE850032010FFBB00D32A04 /* Food.sks */,
				BCE850E6201110FE00D32A04 /* PondScene-Main.sks */,
				BCE850E5201110FE00D32A04 /* PondScene-Plants.sks */,
				BCE850E4201110FE00D32A04 /* PondScene-Water.sks */,
				BCE850042010FFBB00D32A04 /* plant */,
				BCE850072010FFBB00D32A04 /* ripple */,
				BCE850262010FFBB00D32A04 /* Ripple.sks */,
				BCE850272010FFBB00D32A04 /* spark.png */,
				BCE850282010FFBB00D32A04 /* water_2 */,
			);
			path = Resources;
			sourceTree = "<group>";
		};
		BCE84F892010FFBB00D32A04 /* fish_1 */ = {
			isa = PBXGroup;
			children = (
				BCE84F8A2010FFBB00D32A04 /* fish_100000.png */,
				BCE84F8B2010FFBB00D32A04 /* fish_100001.png */,
				BCE84F8C2010FFBB00D32A04 /* fish_100002.png */,
				BCE84F8D2010FFBB00D32A04 /* fish_100003.png */,
				BCE84F8E2010FFBB00D32A04 /* fish_100004.png */,
				BCE84F8F2010FFBB00D32A04 /* fish_100005.png */,
				BCE84F902010FFBB00D32A04 /* fish_100006.png */,
				BCE84F912010FFBB00D32A04 /* fish_100007.png */,
				BCE84F922010FFBB00D32A04 /* fish_100008.png */,
				BCE84F932010FFBB00D32A04 /* fish_100009.png */,
				BCE84F942010FFBB00D32A04 /* fish_100010.png */,
				BCE84F952010FFBB00D32A04 /* fish_100011.png */,
				BCE84F962010FFBB00D32A04 /* fish_100012.png */,
				BCE84F972010FFBB00D32A04 /* fish_100013.png */,
				BCE84F982010FFBB00D32A04 /* fish_100014.png */,
				BCE84F992010FFBB00D32A04 /* fish_100015.png */,
				BCE84F9A2010FFBB00D32A04 /* fish_100016.png */,
				BCE84F9B2010FFBB00D32A04 /* fish_100017.png */,
				BCE84F9C2010FFBB00D32A04 /* fish_100018.png */,
				BCE84F9D2010FFBB00D32A04 /* fish_100019.png */,
				BCE84F9E2010FFBB00D32A04 /* fish_100020.png */,
				BCE84F9F2010FFBB00D32A04 /* fish_100021.png */,
				BCE84FA02010FFBB00D32A04 /* fish_100022.png */,
				BCE84FA12010FFBB00D32A04 /* fish_100023.png */,
				BCE84FA22010FFBB00D32A04 /* fish_100024.png */,
				BCE84FA32010FFBB00D32A04 /* fish_100025.png */,
				BCE84FA42010FFBB00D32A04 /* fish_100026.png */,
				BCE84FA52010FFBB00D32A04 /* fish_100027.png */,
				BCE84FA62010FFBB00D32A04 /* fish_100028.png */,
				BCE84FA72010FFBB00D32A04 /* fish_100029.png */,
				BCE84FA82010FFBB00D32A04 /* fish_100030.png */,
				BCE84FA92010FFBB00D32A04 /* fish_100031.png */,
				BCE84FAA2010FFBB00D32A04 /* fish_100032.png */,
				BCE84FAB2010FFBB00D32A04 /* fish_100033.png */,
				BCE84FAC2010FFBB00D32A04 /* fish_100034.png */,
				BCE84FAD2010FFBB00D32A04 /* fish_100035.png */,
				BCE84FAE2010FFBB00D32A04 /* fish_100036.png */,
				BCE84FAF2010FFBB00D32A04 /* fish_100037.png */,
				BCE84FB02010FFBB00D32A04 /* fish_100038.png */,
				BCE84FB12010FFBB00D32A04 /* fish_100039.png */,
				BCE84FB22010FFBB00D32A04 /* fish_100040.png */,
				BCE84FB32010FFBB00D32A04 /* fish_100041.png */,
				BCE84FB42010FFBB00D32A04 /* fish_100042.png */,
				BCE84FB52010FFBB00D32A04 /* fish_100043.png */,
				BCE84FB62010FFBB00D32A04 /* fish_100044.png */,
				BCE84FB72010FFBB00D32A04 /* fish_100045.png */,
				BCE84FB82010FFBB00D32A04 /* fish_100046.png */,
				BCE84FB92010FFBB00D32A04 /* fish_100047.png */,
				BCE84FBA2010FFBB00D32A04 /* fish_100048.png */,
				BCE84FBB2010FFBB00D32A04 /* fish_100049.png */,
				BCE84FBC2010FFBB00D32A04 /* fish_100050.png */,
				BCE84FBD2010FFBB00D32A04 /* fish_100051.png */,
				BCE84FBE2010FFBB00D32A04 /* fish_100052.png */,
				BCE84FBF2010FFBB00D32A04 /* fish_100053.png */,
				BCE84FC02010FFBB00D32A04 /* fish_100054.png */,
				BCE84FC12010FFBB00D32A04 /* fish_100055.png */,
				BCE84FC22010FFBB00D32A04 /* fish_100056.png */,
				BCE84FC32010FFBB00D32A04 /* fish_100057.png */,
				BCE84FC42010FFBB00D32A04 /* fish_100058.png */,
				BCE84FC52010FFBB00D32A04 /* fish_100059.png */,
			);
			path = fish_1;
			sourceTree = "<group>";
		};
		BCE84FC62010FFBB00D32A04 /* fish_2 */ = {
			isa = PBXGroup;
			children = (
				BCE84FC72010FFBB00D32A04 /* fish_2_00000.png */,
				BCE84FC82010FFBB00D32A04 /* fish_2_00001.png */,
				BCE84FC92010FFBB00D32A04 /* fish_2_00002.png */,
				BCE84FCA2010FFBB00D32A04 /* fish_2_00003.png */,
				BCE84FCB2010FFBB00D32A04 /* fish_2_00004.png */,
				BCE84FCC2010FFBB00D32A04 /* fish_2_00005.png */,
				BCE84FCD2010FFBB00D32A04 /* fish_2_00006.png */,
				BCE84FCE2010FFBB00D32A04 /* fish_2_00007.png */,
				BCE84FCF2010FFBB00D32A04 /* fish_2_00008.png */,
				BCE84FD02010FFBB00D32A04 /* fish_2_00009.png */,
				BCE84FD12010FFBB00D32A04 /* fish_2_00010.png */,
				BCE84FD22010FFBB00D32A04 /* fish_2_00011.png */,
				BCE84FD32010FFBB00D32A04 /* fish_2_00012.png */,
				BCE84FD42010FFBB00D32A04 /* fish_2_00013.png */,
				BCE84FD52010FFBB00D32A04 /* fish_2_00014.png */,
				BCE84FD62010FFBB00D32A04 /* fish_2_00015.png */,
				BCE84FD72010FFBB00D32A04 /* fish_2_00016.png */,
				BCE84FD82010FFBB00D32A04 /* fish_2_00017.png */,
				BCE84FD92010FFBB00D32A04 /* fish_2_00018.png */,
				BCE84FDA2010FFBB00D32A04 /* fish_2_00019.png */,
				BCE84FDB2010FFBB00D32A04 /* fish_2_00020.png */,
				BCE84FDC2010FFBB00D32A04 /* fish_2_00021.png */,
				BCE84FDD2010FFBB00D32A04 /* fish_2_00022.png */,
				BCE84FDE2010FFBB00D32A04 /* fish_2_00023.png */,
				BCE84FDF2010FFBB00D32A04 /* fish_2_00024.png */,
				BCE84FE02010FFBB00D32A04 /* fish_2_00025.png */,
				BCE84FE12010FFBB00D32A04 /* fish_2_00026.png */,
				BCE84FE22010FFBB00D32A04 /* fish_2_00027.png */,
				BCE84FE32010FFBB00D32A04 /* fish_2_00028.png */,
				BCE84FE42010FFBB00D32A04 /* fish_2_00029.png */,
				BCE84FE52010FFBB00D32A04 /* fish_2_00030.png */,
				BCE84FE62010FFBB00D32A04 /* fish_2_00031.png */,
				BCE84FE72010FFBB00D32A04 /* fish_2_00032.png */,
				BCE84FE82010FFBB00D32A04 /* fish_2_00033.png */,
				BCE84FE92010FFBB00D32A04 /* fish_2_00034.png */,
				BCE84FEA2010FFBB00D32A04 /* fish_2_00035.png */,
				BCE84FEB2010FFBB00D32A04 /* fish_2_00036.png */,
				BCE84FEC2010FFBB00D32A04 /* fish_2_00037.png */,
				BCE84FED2010FFBB00D32A04 /* fish_2_00038.png */,
				BCE84FEE2010FFBB00D32A04 /* fish_2_00039.png */,
				BCE84FEF2010FFBB00D32A04 /* fish_2_00040.png */,
				BCE84FF02010FFBB00D32A04 /* fish_2_00041.png */,
				BCE84FF12010FFBB00D32A04 /* fish_2_00042.png */,
				BCE84FF22010FFBB00D32A04 /* fish_2_00043.png */,
				BCE84FF32010FFBB00D32A04 /* fish_2_00044.png */,
				BCE84FF42010FFBB00D32A04 /* fish_2_00045.png */,
				BCE84FF52010FFBB00D32A04 /* fish_2_00046.png */,
				BCE84FF62010FFBB00D32A04 /* fish_2_00047.png */,
				BCE84FF72010FFBB00D32A04 /* fish_2_00048.png */,
				BCE84FF82010FFBB00D32A04 /* fish_2_00049.png */,
				BCE84FF92010FFBB00D32A04 /* fish_2_00050.png */,
				BCE84FFA2010FFBB00D32A04 /* fish_2_00051.png */,
				BCE84FFB2010FFBB00D32A04 /* fish_2_00052.png */,
				BCE84FFC2010FFBB00D32A04 /* fish_2_00053.png */,
				BCE84FFD2010FFBB00D32A04 /* fish_2_00054.png */,
				BCE84FFE2010FFBB00D32A04 /* fish_2_00055.png */,
				BCE84FFF2010FFBB00D32A04 /* fish_2_00056.png */,
				BCE850002010FFBB00D32A04 /* fish_2_00057.png */,
				BCE850012010FFBB00D32A04 /* fish_2_00058.png */,
				BCE850022010FFBB00D32A04 /* fish_2_00059.png */,
			);
			path = fish_2;
			sourceTree = "<group>";
		};
		BCE850042010FFBB00D32A04 /* plant */ = {
			isa = PBXGroup;
			children = (
				BCE850052010FFBB00D32A04 /* plant_00000.png */,
			);
			path = plant;
			sourceTree = "<group>";
		};
		BCE850072010FFBB00D32A04 /* ripple */ = {
			isa = PBXGroup;
			children = (
				BCE850082010FFBB00D32A04 /* ripple_00000.png */,
				BCE850092010FFBB00D32A04 /* ripple_00001.png */,
				BCE8500A2010FFBB00D32A04 /* ripple_00002.png */,
				BCE8500B2010FFBB00D32A04 /* ripple_00003.png */,
				BCE8500C2010FFBB00D32A04 /* ripple_00004.png */,
				BCE8500D2010FFBB00D32A04 /* ripple_00005.png */,
				BCE8500E2010FFBB00D32A04 /* ripple_00006.png */,
				BCE8500F2010FFBB00D32A04 /* ripple_00007.png */,
				BCE850102010FFBB00D32A04 /* ripple_00008.png */,
				BCE850112010FFBB00D32A04 /* ripple_00009.png */,
				BCE850122010FFBB00D32A04 /* ripple_00010.png */,
				BCE850132010FFBB00D32A04 /* ripple_00011.png */,
				BCE850142010FFBB00D32A04 /* ripple_00012.png */,
				BCE850152010FFBB00D32A04 /* ripple_00013.png */,
				BCE850162010FFBB00D32A04 /* ripple_00014.png */,
				BCE850172010FFBB00D32A04 /* ripple_00015.png */,
				BCE850182010FFBB00D32A04 /* ripple_00016.png */,
				BCE850192010FFBB00D32A04 /* ripple_00017.png */,
				BCE8501A2010FFBB00D32A04 /* ripple_00018.png */,
				BCE8501B2010FFBB00D32A04 /* ripple_00019.png */,
				BCE8501C2010FFBB00D32A04 /* ripple_00020.png */,
				BCE8501D2010FFBB00D32A04 /* ripple_00021.png */,
				BCE8501E2010FFBB00D32A04 /* ripple_00022.png */,
				BCE8501F2010FFBB00D32A04 /* ripple_00023.png */,
				BCE850202010FFBB00D32A04 /* ripple_00024.png */,
				BCE850212010FFBB00D32A04 /* ripple_00025.png */,
				BCE850222010FFBB00D32A04 /* ripple_00026.png */,
				BCE850232010FFBB00D32A04 /* ripple_00027.png */,
				BCE850242010FFBB00D32A04 /* ripple_00028.png */,
				BCE850252010FFBB00D32A04 /* ripple_00029.png */,
			);
			path = ripple;
			sourceTree = "<group>";
		};
		BCE850282010FFBB00D32A04 /* water_2 */ = {
			isa = PBXGroup;
			children = (
				BCE850292010FFBB00D32A04 /* water_2_00000.png */,
			);
			path = water_2;
			sourceTree = "<group>";
		};
		BCE8502A2010FFBB00D32A04 /* SKTUtils */ = {
			isa = PBXGroup;
			children = (
				BCE8502B2010FFBB00D32A04 /* CGFloat+Extensions.swift */,
				BCE8502C2010FFBB00D32A04 /* CGPoint+Extensions.swift */,
				BCE8502D2010FFBB00D32A04 /* CGVector+Extensions.swift */,
				BCE8502E2010FFBB00D32A04 /* Int+Extensions.swift */,
				BCE8502F2010FFBB00D32A04 /* LICENSE.txt */,
				BCE850302010FFBB00D32A04 /* SKAction+Extensions.swift */,
				BCE850312010FFBB00D32A04 /* SKAction+SpecialEffects.swift */,
				BCE850322010FFBB00D32A04 /* SKColor+Extensions.swift */,
				BCE850332010FFBB00D32A04 /* SKNode+Extensions.swift */,
				BCE850342010FFBB00D32A04 /* SKTAudio.swift */,
				BCE850352010FFBB00D32A04 /* SKTEffects.swift */,
				BCE850362010FFBB00D32A04 /* SKTTimingFunctions.swift */,
				BCE850372010FFBB00D32A04 /* Vector3.swift */,
			);
			path = SKTUtils;
			sourceTree = "<group>";
		};
/* End PBXGroup section */

/* Begin PBXNativeTarget section */
		BCBF16431F74206600B91E08 /* HelloARKit */ = {
			isa = PBXNativeTarget;
			buildConfigurationList = BCBF16581F74206600B91E08 /* Build configuration list for PBXNativeTarget "HelloARKit" */;
			buildPhases = (
				BCBF16401F74206600B91E08 /* Sources */,
				BCBF16411F74206600B91E08 /* Frameworks */,
				BCBF16421F74206600B91E08 /* Resources */,
			);
			buildRules = (
			);
			dependencies = (
			);
			name = HelloARKit;
			productName = HelloARKit;
			productReference = BCBF16441F74206600B91E08 /* HelloARKit.app */;
			productType = "com.apple.product-type.application";
		};
/* End PBXNativeTarget section */

/* Begin PBXProject section */
		BCBF163C1F74206600B91E08 /* Project object */ = {
			isa = PBXProject;
			attributes = {
				LastSwiftUpdateCheck = 0900;
				LastUpgradeCheck = 0900;
				ORGANIZATIONNAME = "Make School";
				TargetAttributes = {
					BCBF16431F74206600B91E08 = {
						CreatedOnToolsVersion = 9.0;
						ProvisioningStyle = Automatic;
					};
				};
			};
			buildConfigurationList = BCBF163F1F74206600B91E08 /* Build configuration list for PBXProject "HelloARKit" */;
			compatibilityVersion = "Xcode 8.0";
			developmentRegion = en;
			hasScannedForEncodings = 0;
			knownRegions = (
				en,
				Base,
			);
			mainGroup = BCBF163B1F74206600B91E08;
			productRefGroup = BCBF16451F74206600B91E08 /* Products */;
			projectDirPath = "";
			projectRoot = "";
			targets = (
				BCBF16431F74206600B91E08 /* HelloARKit */,
			);
		};
/* End PBXProject section */

/* Begin PBXResourcesBuildPhase section */
		BCBF16421F74206600B91E08 /* Resources */ = {
			isa = PBXResourcesBuildPhase;
			buildActionMask = 2147483647;
			files = (
				BCE8506B2010FFBB00D32A04 /* fish_100048.png in Resources */,
				BCE850622010FFBB00D32A04 /* fish_100039.png in Resources */,
				BCE850922010FFBB00D32A04 /* fish_2_00027.png in Resources */,
				BCE8503D2010FFBB00D32A04 /* fish_100002.png in Resources */,
				BCE850D42010FFBB00D32A04 /* Ripple.sks in Resources */,
				BCE850AC2010FFBB00D32A04 /* fish_2_00053.png in Resources */,
				BCBF16881F75B8A400B91E08 /* ms-logo.png in Resources */,
				BCE850B42010FFBB00D32A04 /* plant_00000.png in Resources */,
				BCE8505C2010FFBB00D32A04 /* fish_100033.png in Resources */,
				BCE8508A2010FFBB00D32A04 /* fish_2_00019.png in Resources */,
				BCE850D32010FFBB00D32A04 /* ripple_00029.png in Resources */,
				BCE850742010FFBB00D32A04 /* fish_100057.png in Resources */,
				BCE8509A2010FFBB00D32A04 /* fish_2_00035.png in Resources */,
				BCE850662010FFBB00D32A04 /* fish_100043.png in Resources */,
				BCE8508C2010FFBB00D32A04 /* fish_2_00021.png in Resources */,
				BCE850AF2010FFBB00D32A04 /* fish_2_00056.png in Resources */,
				BCE8506E2010FFBB00D32A04 /* fish_100051.png in Resources */,
				BCE850892010FFBB00D32A04 /* fish_2_00018.png in Resources */,
				BCE850B32010FFBB00D32A04 /* Food.sks in Resources */,
				BCE8504A2010FFBB00D32A04 /* fish_100015.png in Resources */,
				BCE8509B2010FFBB00D32A04 /* fish_2_00036.png in Resources */,
				BCE850602010FFBB00D32A04 /* fish_100037.png in Resources */,
				BCE850582010FFBB00D32A04 /* fish_100029.png in Resources */,
				BCE850C12010FFBB00D32A04 /* ripple_00011.png in Resources */,
				BCBF164A1F74206600B91E08 /* art.scnassets in Resources */,
				BCE850472010FFBB00D32A04 /* fish_100012.png in Resources */,
				BCE8504D2010FFBB00D32A04 /* fish_100018.png in Resources */,
				BCE850B62010FFBB00D32A04 /* ripple_00000.png in Resources */,
				BCE850852010FFBB00D32A04 /* fish_2_00014.png in Resources */,
				BCE850812010FFBB00D32A04 /* fish_2_00010.png in Resources */,
				BCE850482010FFBB00D32A04 /* fish_100013.png in Resources */,
				BCF9930A2012BE15006EE543 /* PondScene-Water.sks in Resources */,
				BCE850862010FFBB00D32A04 /* fish_2_00015.png in Resources */,
				BCE8506D2010FFBB00D32A04 /* fish_100050.png in Resources */,
				BCE850AD2010FFBB00D32A04 /* fish_2_00054.png in Resources */,
				BCE850932010FFBB00D32A04 /* fish_2_00028.png in Resources */,
				BCE8506C2010FFBB00D32A04 /* fish_100049.png in Resources */,
				BCE850982010FFBB00D32A04 /* fish_2_00033.png in Resources */,
				BCBF16541F74206600B91E08 /* LaunchScreen.storyboard in Resources */,
				BCE8509F2010FFBB00D32A04 /* fish_2_00040.png in Resources */,
				BCE850652010FFBB00D32A04 /* fish_100042.png in Resources */,
				BCE850612010FFBB00D32A04 /* fish_100038.png in Resources */,
				BCE850B72010FFBB00D32A04 /* ripple_00001.png in Resources */,
				BCE850BC2010FFBB00D32A04 /* ripple_00006.png in Resources */,
				BCE8505B2010FFBB00D32A04 /* fish_100032.png in Resources */,
				BCE8509D2010FFBB00D32A04 /* fish_2_00038.png in Resources */,
				BCE8508E2010FFBB00D32A04 /* fish_2_00023.png in Resources */,
				BCE8507F2010FFBB00D32A04 /* fish_2_00008.png in Resources */,
				BCE8507D2010FFBB00D32A04 /* fish_2_00006.png in Resources */,
				BCE850802010FFBB00D32A04 /* fish_2_00009.png in Resources */,
				BCE850432010FFBB00D32A04 /* fish_100008.png in Resources */,
				BCE850CD2010FFBB00D32A04 /* ripple_00023.png in Resources */,
				BCE850902010FFBB00D32A04 /* fish_2_00025.png in Resources */,
				BCE8506A2010FFBB00D32A04 /* fish_100047.png in Resources */,
				BCE850952010FFBB00D32A04 /* fish_2_00030.png in Resources */,
				BCE850992010FFBB00D32A04 /* fish_2_00034.png in Resources */,
				BCE850DB2010FFBB00D32A04 /* LICENSE.txt in Resources */,
				BCE850722010FFBB00D32A04 /* fish_100055.png in Resources */,
				BCE850B02010FFBB00D32A04 /* fish_2_00057.png in Resources */,
				BCE850A02010FFBB00D32A04 /* fish_2_00041.png in Resources */,
				BCE850D12010FFBB00D32A04 /* ripple_00027.png in Resources */,
				BCE850962010FFBB00D32A04 /* fish_2_00031.png in Resources */,
				BCE8505E2010FFBB00D32A04 /* fish_100035.png in Resources */,
				BCE850632010FFBB00D32A04 /* fish_100040.png in Resources */,
				BCE850872010FFBB00D32A04 /* fish_2_00016.png in Resources */,
				BCE850BF2010FFBB00D32A04 /* ripple_00009.png in Resources */,
				BCE850D62010FFBB00D32A04 /* water_2_00000.png in Resources */,
				BCE8507A2010FFBB00D32A04 /* fish_2_00003.png in Resources */,
				BCE8504C2010FFBB00D32A04 /* fish_100017.png in Resources */,
				BCE850832010FFBB00D32A04 /* fish_2_00012.png in Resources */,
				BCE8505D2010FFBB00D32A04 /* fish_100034.png in Resources */,
				BCE8503F2010FFBB00D32A04 /* fish_100004.png in Resources */,
				BCE850C32010FFBB00D32A04 /* ripple_00013.png in Resources */,
				BCE850712010FFBB00D32A04 /* fish_100054.png in Resources */,
				BCE850CF2010FFBB00D32A04 /* ripple_00025.png in Resources */,
				BCE850402010FFBB00D32A04 /* fish_100005.png in Resources */,
				BCE8505F2010FFBB00D32A04 /* fish_100036.png in Resources */,
				BCE850592010FFBB00D32A04 /* fish_100030.png in Resources */,
				BCE850882010FFBB00D32A04 /* fish_2_00017.png in Resources */,
				BCE850A52010FFBB00D32A04 /* fish_2_00046.png in Resources */,
				BCE850442010FFBB00D32A04 /* fish_100009.png in Resources */,
				BCE850C42010FFBB00D32A04 /* ripple_00014.png in Resources */,
				BCE850C62010FFBB00D32A04 /* ripple_00016.png in Resources */,
				BCF631E620139A2200D43C79 /* mgwu.png in Resources */,
				BCE850942010FFBB00D32A04 /* fish_2_00029.png in Resources */,
				BCE8508D2010FFBB00D32A04 /* fish_2_00022.png in Resources */,
				BCE8504E2010FFBB00D32A04 /* fish_100019.png in Resources */,
				BCE850C02010FFBB00D32A04 /* ripple_00010.png in Resources */,
				BCE850552010FFBB00D32A04 /* fish_100026.png in Resources */,
				BCBF16511F74206600B91E08 /* Assets.xcassets in Resources */,
				BCE850C82010FFBB00D32A04 /* ripple_00018.png in Resources */,
				BCE850912010FFBB00D32A04 /* fish_2_00026.png in Resources */,
				BCE850C92010FFBB00D32A04 /* ripple_00019.png in Resources */,
				BCE850792010FFBB00D32A04 /* fish_2_00002.png in Resources */,
				BCE850AA2010FFBB00D32A04 /* fish_2_00051.png in Resources */,
				BCE8507C2010FFBB00D32A04 /* fish_2_00005.png in Resources */,
				BCE8503C2010FFBB00D32A04 /* fish_100001.png in Resources */,
				BCE850B82010FFBB00D32A04 /* ripple_00002.png in Resources */,
				BCE850B92010FFBB00D32A04 /* ripple_00003.png in Resources */,
				BCE850E9201110FE00D32A04 /* PondScene-Main.sks in Resources */,
				BCE8508F2010FFBB00D32A04 /* fish_2_00024.png in Resources */,
				BCE850BB2010FFBB00D32A04 /* ripple_00005.png in Resources */,
				BCE850A42010FFBB00D32A04 /* fish_2_00045.png in Resources */,
				BCE850642010FFBB00D32A04 /* fish_100041.png in Resources */,
				BCE850512010FFBB00D32A04 /* fish_100022.png in Resources */,
				BCE8503E2010FFBB00D32A04 /* fish_100003.png in Resources */,
				BCE8508B2010FFBB00D32A04 /* fish_2_00020.png in Resources */,
				BCE850532010FFBB00D32A04 /* fish_100024.png in Resources */,
				BCE850A62010FFBB00D32A04 /* fish_2_00047.png in Resources */,
				BCE8503B2010FFBB00D32A04 /* fish_100000.png in Resources */,
				BCE8507E2010FFBB00D32A04 /* fish_2_00007.png in Resources */,
				BCE850422010FFBB00D32A04 /* fish_100007.png in Resources */,
				BCE850572010FFBB00D32A04 /* fish_100028.png in Resources */,
				BCE850702010FFBB00D32A04 /* fish_100053.png in Resources */,
				BCE850462010FFBB00D32A04 /* fish_100011.png in Resources */,
				BCE850842010FFBB00D32A04 /* fish_2_00013.png in Resources */,
				BCE850BD2010FFBB00D32A04 /* ripple_00007.png in Resources */,
				BCE850D02010FFBB00D32A04 /* ripple_00026.png in Resources */,
				BCE850A72010FFBB00D32A04 /* fish_2_00048.png in Resources */,
				BCE850AE2010FFBB00D32A04 /* fish_2_00055.png in Resources */,
				BCE850822010FFBB00D32A04 /* fish_2_00011.png in Resources */,
				BCE850502010FFBB00D32A04 /* fish_100021.png in Resources */,
				BCE850682010FFBB00D32A04 /* fish_100045.png in Resources */,
				BCE850CE2010FFBB00D32A04 /* ripple_00024.png in Resources */,
				BCE850762010FFBB00D32A04 /* fish_100059.png in Resources */,
				BCE850CA2010FFBB00D32A04 /* ripple_00020.png in Resources */,
				BCE850692010FFBB00D32A04 /* fish_100046.png in Resources */,
				BCE850AB2010FFBB00D32A04 /* fish_2_00052.png in Resources */,
				BCE850A12010FFBB00D32A04 /* fish_2_00042.png in Resources */,
				BCE850A82010FFBB00D32A04 /* fish_2_00049.png in Resources */,
				BCE850452010FFBB00D32A04 /* fish_100010.png in Resources */,
				BCE850D52010FFBB00D32A04 /* spark.png in Resources */,
				BCE850522010FFBB00D32A04 /* fish_100023.png in Resources */,
				BCE850B22010FFBB00D32A04 /* fish_2_00059.png in Resources */,
				BCE850972010FFBB00D32A04 /* fish_2_00032.png in Resources */,
				BCE850562010FFBB00D32A04 /* fish_100027.png in Resources */,
				BCE850492010FFBB00D32A04 /* fish_100014.png in Resources */,
				BCE8505A2010FFBB00D32A04 /* fish_100031.png in Resources */,
				BCE850C52010FFBB00D32A04 /* ripple_00015.png in Resources */,
				BCE850782010FFBB00D32A04 /* fish_2_00001.png in Resources */,
				BCF9930C2012BF55006EE543 /* PondScene-Plants.sks in Resources */,
				BCE850C22010FFBB00D32A04 /* ripple_00012.png in Resources */,
				BCE8509E2010FFBB00D32A04 /* fish_2_00039.png in Resources */,
				BCE850672010FFBB00D32A04 /* fish_100044.png in Resources */,
				BCE8509C2010FFBB00D32A04 /* fish_2_00037.png in Resources */,
				BCE850BE2010FFBB00D32A04 /* ripple_00008.png in Resources */,
				BCE850B12010FFBB00D32A04 /* fish_2_00058.png in Resources */,
				BCE850732010FFBB00D32A04 /* fish_100056.png in Resources */,
				BCE8504B2010FFBB00D32A04 /* fish_100016.png in Resources */,
				BCE850D22010FFBB00D32A04 /* ripple_00028.png in Resources */,
				BCE850412010FFBB00D32A04 /* fish_100006.png in Resources */,
				BCE850CB2010FFBB00D32A04 /* ripple_00021.png in Resources */,
				BCE850A92010FFBB00D32A04 /* fish_2_00050.png in Resources */,
				BCE850A32010FFBB00D32A04 /* fish_2_00044.png in Resources */,
				BCE850542010FFBB00D32A04 /* fish_100025.png in Resources */,
				BCE850772010FFBB00D32A04 /* fish_2_00000.png in Resources */,
				BCF631E42013998C00D43C79 /* dion.png in Resources */,
				BCE850C72010FFBB00D32A04 /* ripple_00017.png in Resources */,
				BCE8507B2010FFBB00D32A04 /* fish_2_00004.png in Resources */,
				BCE850A22010FFBB00D32A04 /* fish_2_00043.png in Resources */,
				BCE8506F2010FFBB00D32A04 /* fish_100052.png in Resources */,
				BCE850BA2010FFBB00D32A04 /* ripple_00004.png in Resources */,
				BCE850CC2010FFBB00D32A04 /* ripple_00022.png in Resources */,
				BCE850752010FFBB00D32A04 /* fish_100058.png in Resources */,
				BCE8503A2010FFBB00D32A04 /* Fish.sks in Resources */,
				BCBF164F1F74206600B91E08 /* Main.storyboard in Resources */,
				BCE8504F2010FFBB00D32A04 /* fish_100020.png in Resources */,
				BCBF16821F75AD5000B91E08 /* Scene.sks in Resources */,
			);
			runOnlyForDeploymentPostprocessing = 0;
		};
/* End PBXResourcesBuildPhase section */

/* Begin PBXSourcesBuildPhase section */
		BCBF16401F74206600B91E08 /* Sources */ = {
			isa = PBXSourcesBuildPhase;
			buildActionMask = 2147483647;
			files = (
				BCE850382010FFBB00D32A04 /* Fish.swift in Sources */,
				BCE850E22010FFBB00D32A04 /* SKTTimingFunctions.swift in Sources */,
				BCBF16811F75A1D500B91E08 /* Scene.swift in Sources */,
				BCE850D92010FFBB00D32A04 /* CGVector+Extensions.swift in Sources */,
				BCE850D82010FFBB00D32A04 /* CGPoint+Extensions.swift in Sources */,
				BCE850D72010FFBB00D32A04 /* CGFloat+Extensions.swift in Sources */,
				BCBF16801F75A1D500B91E08 /* ARSpriteKitViewController.swift in Sources */,
				BCE850E02010FFBB00D32A04 /* SKTAudio.swift in Sources */,
				BCE850392010FFBB00D32A04 /* PondScene.swift in Sources */,
				BCE850DF2010FFBB00D32A04 /* SKNode+Extensions.swift in Sources */,
				BCE850DC2010FFBB00D32A04 /* SKAction+Extensions.swift in Sources */,
				BCE850DD2010FFBB00D32A04 /* SKAction+SpecialEffects.swift in Sources */,
				BCBF164C1F74206600B91E08 /* ARSceneKitViewController.swift in Sources */,
				BCBF16481F74206600B91E08 /* AppDelegate.swift in Sources */,
				BCE850E12010FFBB00D32A04 /* SKTEffects.swift in Sources */,
				BCE850DA2010FFBB00D32A04 /* Int+Extensions.swift in Sources */,
				BCE850E32010FFBB00D32A04 /* Vector3.swift in Sources */,
				BCE850DE2010FFBB00D32A04 /* SKColor+Extensions.swift in Sources */,
			);
			runOnlyForDeploymentPostprocessing = 0;
		};
/* End PBXSourcesBuildPhase section */

/* Begin PBXVariantGroup section */
		BCBF164D1F74206600B91E08 /* Main.storyboard */ = {
			isa = PBXVariantGroup;
			children = (
				BCBF164E1F74206600B91E08 /* Base */,
			);
			name = Main.storyboard;
			sourceTree = "<group>";
		};
		BCBF16521F74206600B91E08 /* LaunchScreen.storyboard */ = {
			isa = PBXVariantGroup;
			children = (
				BCBF16531F74206600B91E08 /* Base */,
			);
			name = LaunchScreen.storyboard;
			sourceTree = "<group>";
		};
/* End PBXVariantGroup section */

/* Begin XCBuildConfiguration section */
		BCBF16561F74206600B91E08 /* Debug */ = {
			isa = XCBuildConfiguration;
			buildSettings = {
				ALWAYS_SEARCH_USER_PATHS = NO;
				CLANG_ANALYZER_NONNULL = YES;
				CLANG_ANALYZER_NUMBER_OBJECT_CONVERSION = YES_AGGRESSIVE;
				CLANG_CXX_LANGUAGE_STANDARD = "gnu++14";
				CLANG_CXX_LIBRARY = "libc++";
				CLANG_ENABLE_MODULES = YES;
				CLANG_ENABLE_OBJC_ARC = YES;
				CLANG_WARN_BLOCK_CAPTURE_AUTORELEASING = YES;
				CLANG_WARN_BOOL_CONVERSION = YES;
				CLANG_WARN_COMMA = YES;
				CLANG_WARN_CONSTANT_CONVERSION = YES;
				CLANG_WARN_DIRECT_OBJC_ISA_USAGE = YES_ERROR;
				CLANG_WARN_DOCUMENTATION_COMMENTS = YES;
				CLANG_WARN_EMPTY_BODY = YES;
				CLANG_WARN_ENUM_CONVERSION = YES;
				CLANG_WARN_INFINITE_RECURSION = YES;
				CLANG_WARN_INT_CONVERSION = YES;
				CLANG_WARN_NON_LITERAL_NULL_CONVERSION = YES;
				CLANG_WARN_OBJC_LITERAL_CONVERSION = YES;
				CLANG_WARN_OBJC_ROOT_CLASS = YES_ERROR;
				CLANG_WARN_RANGE_LOOP_ANALYSIS = YES;
				CLANG_WARN_STRICT_PROTOTYPES = YES;
				CLANG_WARN_SUSPICIOUS_MOVE = YES;
				CLANG_WARN_UNGUARDED_AVAILABILITY = YES_AGGRESSIVE;
				CLANG_WARN_UNREACHABLE_CODE = YES;
				CLANG_WARN__DUPLICATE_METHOD_MATCH = YES;
				CODE_SIGN_IDENTITY = "iPhone Developer";
				COPY_PHASE_STRIP = NO;
				DEBUG_INFORMATION_FORMAT = dwarf;
				ENABLE_STRICT_OBJC_MSGSEND = YES;
				ENABLE_TESTABILITY = YES;
				GCC_C_LANGUAGE_STANDARD = gnu11;
				GCC_DYNAMIC_NO_PIC = NO;
				GCC_NO_COMMON_BLOCKS = YES;
				GCC_OPTIMIZATION_LEVEL = 0;
				GCC_PREPROCESSOR_DEFINITIONS = (
					"DEBUG=1",
					"$(inherited)",
				);
				GCC_WARN_64_TO_32_BIT_CONVERSION = YES;
				GCC_WARN_ABOUT_RETURN_TYPE = YES_ERROR;
				GCC_WARN_UNDECLARED_SELECTOR = YES;
				GCC_WARN_UNINITIALIZED_AUTOS = YES_AGGRESSIVE;
				GCC_WARN_UNUSED_FUNCTION = YES;
				GCC_WARN_UNUSED_VARIABLE = YES;
				IPHONEOS_DEPLOYMENT_TARGET = 11.0;
				MTL_ENABLE_DEBUG_INFO = YES;
				ONLY_ACTIVE_ARCH = YES;
				SDKROOT = iphoneos;
				SWIFT_ACTIVE_COMPILATION_CONDITIONS = DEBUG;
				SWIFT_OPTIMIZATION_LEVEL = "-Onone";
			};
			name = Debug;
		};
		BCBF16571F74206600B91E08 /* Release */ = {
			isa = XCBuildConfiguration;
			buildSettings = {
				ALWAYS_SEARCH_USER_PATHS = NO;
				CLANG_ANALYZER_NONNULL = YES;
				CLANG_ANALYZER_NUMBER_OBJECT_CONVERSION = YES_AGGRESSIVE;
				CLANG_CXX_LANGUAGE_STANDARD = "gnu++14";
				CLANG_CXX_LIBRARY = "libc++";
				CLANG_ENABLE_MODULES = YES;
				CLANG_ENABLE_OBJC_ARC = YES;
				CLANG_WARN_BLOCK_CAPTURE_AUTORELEASING = YES;
				CLANG_WARN_BOOL_CONVERSION = YES;
				CLANG_WARN_COMMA = YES;
				CLANG_WARN_CONSTANT_CONVERSION = YES;
				CLANG_WARN_DIRECT_OBJC_ISA_USAGE = YES_ERROR;
				CLANG_WARN_DOCUMENTATION_COMMENTS = YES;
				CLANG_WARN_EMPTY_BODY = YES;
				CLANG_WARN_ENUM_CONVERSION = YES;
				CLANG_WARN_INFINITE_RECURSION = YES;
				CLANG_WARN_INT_CONVERSION = YES;
				CLANG_WARN_NON_LITERAL_NULL_CONVERSION = YES;
				CLANG_WARN_OBJC_LITERAL_CONVERSION = YES;
				CLANG_WARN_OBJC_ROOT_CLASS = YES_ERROR;
				CLANG_WARN_RANGE_LOOP_ANALYSIS = YES;
				CLANG_WARN_STRICT_PROTOTYPES = YES;
				CLANG_WARN_SUSPICIOUS_MOVE = YES;
				CLANG_WARN_UNGUARDED_AVAILABILITY = YES_AGGRESSIVE;
				CLANG_WARN_UNREACHABLE_CODE = YES;
				CLANG_WARN__DUPLICATE_METHOD_MATCH = YES;
				CODE_SIGN_IDENTITY = "iPhone Developer";
				COPY_PHASE_STRIP = NO;
				DEBUG_INFORMATION_FORMAT = "dwarf-with-dsym";
				ENABLE_NS_ASSERTIONS = NO;
				ENABLE_STRICT_OBJC_MSGSEND = YES;
				GCC_C_LANGUAGE_STANDARD = gnu11;
				GCC_NO_COMMON_BLOCKS = YES;
				GCC_WARN_64_TO_32_BIT_CONVERSION = YES;
				GCC_WARN_ABOUT_RETURN_TYPE = YES_ERROR;
				GCC_WARN_UNDECLARED_SELECTOR = YES;
				GCC_WARN_UNINITIALIZED_AUTOS = YES_AGGRESSIVE;
				GCC_WARN_UNUSED_FUNCTION = YES;
				GCC_WARN_UNUSED_VARIABLE = YES;
				IPHONEOS_DEPLOYMENT_TARGET = 11.0;
				MTL_ENABLE_DEBUG_INFO = NO;
				SDKROOT = iphoneos;
				SWIFT_OPTIMIZATION_LEVEL = "-Owholemodule";
				VALIDATE_PRODUCT = YES;
			};
			name = Release;
		};
		BCBF16591F74206600B91E08 /* Debug */ = {
			isa = XCBuildConfiguration;
			buildSettings = {
				ASSETCATALOG_COMPILER_APPICON_NAME = AppIcon;
				CODE_SIGN_STYLE = Automatic;
				DEVELOPMENT_TEAM = JA472UP5B6;
				INFOPLIST_FILE = HelloARKit/Info.plist;
				LD_RUNPATH_SEARCH_PATHS = "$(inherited) @executable_path/Frameworks";
				PRODUCT_BUNDLE_IDENTIFIER = com.MakeSchool.HelloARKit;
				PRODUCT_NAME = "$(TARGET_NAME)";
				SWIFT_VERSION = 4.0;
				TARGETED_DEVICE_FAMILY = "1,2";
			};
			name = Debug;
		};
		BCBF165A1F74206600B91E08 /* Release */ = {
			isa = XCBuildConfiguration;
			buildSettings = {
				ASSETCATALOG_COMPILER_APPICON_NAME = AppIcon;
				CODE_SIGN_STYLE = Automatic;
				DEVELOPMENT_TEAM = JA472UP5B6;
				INFOPLIST_FILE = HelloARKit/Info.plist;
				LD_RUNPATH_SEARCH_PATHS = "$(inherited) @executable_path/Frameworks";
				PRODUCT_BUNDLE_IDENTIFIER = com.MakeSchool.HelloARKit;
				PRODUCT_NAME = "$(TARGET_NAME)";
				SWIFT_VERSION = 4.0;
				TARGETED_DEVICE_FAMILY = "1,2";
			};
			name = Release;
		};
/* End XCBuildConfiguration section */

/* Begin XCConfigurationList section */
		BCBF163F1F74206600B91E08 /* Build configuration list for PBXProject "HelloARKit" */ = {
			isa = XCConfigurationList;
			buildConfigurations = (
				BCBF16561F74206600B91E08 /* Debug */,
				BCBF16571F74206600B91E08 /* Release */,
			);
			defaultConfigurationIsVisible = 0;
			defaultConfigurationName = Release;
		};
		BCBF16581F74206600B91E08 /* Build configuration list for PBXNativeTarget "HelloARKit" */ = {
			isa = XCConfigurationList;
			buildConfigurations = (
				BCBF16591F74206600B91E08 /* Debug */,
				BCBF165A1F74206600B91E08 /* Release */,
			);
			defaultConfigurationIsVisible = 0;
			defaultConfigurationName = Release;
		};
/* End XCConfigurationList section */
	};
	rootObject = BCBF163C1F74206600B91E08 /* Project object */;
}
