// !$*UTF8*$!
{
	archiveVersion = 1;
	classes = {
	};
	objectVersion = 48;
	objects = {

/* Begin PBXBuildFile section */
		BCBF16481F74206600B91E08 /* AppDelegate.swift in Sources */ = {isa = PBXBuildFile; fileRef = BCBF16471F74206600B91E08 /* AppDelegate.swift */; };
		BCBF164A1F74206600B91E08 /* art.scnassets in Resources */ = {isa = PBXBuildFile; fileRef = BCBF16491F74206600B91E08 /* art.scnassets */; };
		BCBF164C1F74206600B91E08 /* ARSceneKitViewController.swift in Sources */ = {isa = PBXBuildFile; fileRef = BCBF164B1F74206600B91E08 /* ARSceneKitViewController.swift */; };
		BCBF164F1F74206600B91E08 /* Main.storyboard in Resources */ = {isa = PBXBuildFile; fileRef = BCBF164D1F74206600B91E08 /* Main.storyboard */; };
		BCBF16511F74206600B91E08 /* Assets.xcassets in Resources */ = {isa = PBXBuildFile; fileRef = BCBF16501F74206600B91E08 /* Assets.xcassets */; };
		BCBF16541F74206600B91E08 /* LaunchScreen.storyboard in Resources */ = {isa = PBXBuildFile; fileRef = BCBF16521F74206600B91E08 /* LaunchScreen.storyboard */; };
		BCBF16801F75A1D500B91E08 /* ARSpriteKitViewController.swift in Sources */ = {isa = PBXBuildFile; fileRef = BCBF167E1F75A1D500B91E08 /* ARSpriteKitViewController.swift */; };
		BCBF16811F75A1D500B91E08 /* Scene.swift in Sources */ = {isa = PBXBuildFile; fileRef = BCBF167F1F75A1D500B91E08 /* Scene.swift */; };
		BCBF16821F75AD5000B91E08 /* Scene.sks in Resources */ = {isa = PBXBuildFile; fileRef = BCBF167D1F75A1C800B91E08 /* Scene.sks */; };
		BCBF16881F75B8A400B91E08 /* ms-logo.png in Resources */ = {isa = PBXBuildFile; fileRef = BCBF16871F75B8A100B91E08 /* ms-logo.png */; };
/* End PBXBuildFile section */

/* Begin PBXFileReference section */
		BCBF16441F74206600B91E08 /* HelloARKit.app */ = {isa = PBXFileReference; explicitFileType = wrapper.application; includeInIndex = 0; path = HelloARKit.app; sourceTree = BUILT_PRODUCTS_DIR; };
		BCBF16471F74206600B91E08 /* AppDelegate.swift */ = {isa = PBXFileReference; lastKnownFileType = sourcecode.swift; path = AppDelegate.swift; sourceTree = "<group>"; };
		BCBF16491F74206600B91E08 /* art.scnassets */ = {isa = PBXFileReference; lastKnownFileType = wrapper.scnassets; path = art.scnassets; sourceTree = "<group>"; };
		BCBF164B1F74206600B91E08 /* ARSceneKitViewController.swift */ = {isa = PBXFileReference; lastKnownFileType = sourcecode.swift; path = ARSceneKitViewController.swift; sourceTree = "<group>"; };
		BCBF164E1F74206600B91E08 /* Base */ = {isa = PBXFileReference; lastKnownFileType = file.storyboard; name = Base; path = Base.lproj/Main.storyboard; sourceTree = "<group>"; };
		BCBF16501F74206600B91E08 /* Assets.xcassets */ = {isa = PBXFileReference; lastKnownFileType = folder.assetcatalog; path = Assets.xcassets; sourceTree = "<group>"; };
		BCBF16531F74206600B91E08 /* Base */ = {isa = PBXFileReference; lastKnownFileType = file.storyboard; name = Base; path = Base.lproj/LaunchScreen.storyboard; sourceTree = "<group>"; };
		BCBF16551F74206600B91E08 /* Info.plist */ = {isa = PBXFileReference; lastKnownFileType = text.plist.xml; path = Info.plist; sourceTree = "<group>"; };
		BCBF167D1F75A1C800B91E08 /* Scene.sks */ = {isa = PBXFileReference; lastKnownFileType = file.sks; path = Scene.sks; sourceTree = "<group>"; };
		BCBF167E1F75A1D500B91E08 /* ARSpriteKitViewController.swift */ = {isa = PBXFileReference; lastKnownFileType = sourcecode.swift; path = ARSpriteKitViewController.swift; sourceTree = "<group>"; };
		BCBF167F1F75A1D500B91E08 /* Scene.swift */ = {isa = PBXFileReference; lastKnownFileType = sourcecode.swift; path = Scene.swift; sourceTree = "<group>"; };
		BCBF16871F75B8A100B91E08 /* ms-logo.png */ = {isa = PBXFileReference; lastKnownFileType = image.png; path = "ms-logo.png"; sourceTree = "<group>"; };
/* End PBXFileReference section */

/* Begin PBXFrameworksBuildPhase section */
		BCBF16411F74206600B91E08 /* Frameworks */ = {
			isa = PBXFrameworksBuildPhase;
			buildActionMask = 2147483647;
			files = (
			);
			runOnlyForDeploymentPostprocessing = 0;
		};
/* End PBXFrameworksBuildPhase section */

/* Begin PBXGroup section */
		BCBF163B1F74206600B91E08 = {
			isa = PBXGroup;
			children = (
				BCBF16461F74206600B91E08 /* HelloARKit */,
				BCBF16451F74206600B91E08 /* Products */,
			);
			sourceTree = "<group>";
		};
		BCBF16451F74206600B91E08 /* Products */ = {
			isa = PBXGroup;
			children = (
				BCBF16441F74206600B91E08 /* HelloARKit.app */,
			);
			name = Products;
			sourceTree = "<group>";
		};
		BCBF16461F74206600B91E08 /* HelloARKit */ = {
			isa = PBXGroup;
			children = (
				BCBF16471F74206600B91E08 /* AppDelegate.swift */,
				BCBF164B1F74206600B91E08 /* ARSceneKitViewController.swift */,
				BCBF16491F74206600B91E08 /* art.scnassets */,
				BCBF167D1F75A1C800B91E08 /* Scene.sks */,
				BCBF167F1F75A1D500B91E08 /* Scene.swift */,
				BCBF167E1F75A1D500B91E08 /* ARSpriteKitViewController.swift */,
				BCBF16871F75B8A100B91E08 /* ms-logo.png */,
				BCBF164D1F74206600B91E08 /* Main.storyboard */,
				BCBF16501F74206600B91E08 /* Assets.xcassets */,
				BCBF16521F74206600B91E08 /* LaunchScreen.storyboard */,
				BCBF16551F74206600B91E08 /* Info.plist */,
			);
			path = HelloARKit;
			sourceTree = "<group>";
		};
/* End PBXGroup section */

/* Begin PBXNativeTarget section */
		BCBF16431F74206600B91E08 /* HelloARKit */ = {
			isa = PBXNativeTarget;
			buildConfigurationList = BCBF16581F74206600B91E08 /* Build configuration list for PBXNativeTarget "HelloARKit" */;
			buildPhases = (
				BCBF16401F74206600B91E08 /* Sources */,
				BCBF16411F74206600B91E08 /* Frameworks */,
				BCBF16421F74206600B91E08 /* Resources */,
			);
			buildRules = (
			);
			dependencies = (
			);
			name = HelloARKit;
			productName = HelloARKit;
			productReference = BCBF16441F74206600B91E08 /* HelloARKit.app */;
			productType = "com.apple.product-type.application";
		};
/* End PBXNativeTarget section */

/* Begin PBXProject section */
		BCBF163C1F74206600B91E08 /* Project object */ = {
			isa = PBXProject;
			attributes = {
				LastSwiftUpdateCheck = 0900;
				LastUpgradeCheck = 0900;
				ORGANIZATIONNAME = "Make School";
				TargetAttributes = {
					BCBF16431F74206600B91E08 = {
						CreatedOnToolsVersion = 9.0;
						ProvisioningStyle = Automatic;
					};
				};
			};
			buildConfigurationList = BCBF163F1F74206600B91E08 /* Build configuration list for PBXProject "HelloARKit" */;
			compatibilityVersion = "Xcode 8.0";
			developmentRegion = en;
			hasScannedForEncodings = 0;
			knownRegions = (
				en,
				Base,
			);
			mainGroup = BCBF163B1F74206600B91E08;
			productRefGroup = BCBF16451F74206600B91E08 /* Products */;
			projectDirPath = "";
			projectRoot = "";
			targets = (
				BCBF16431F74206600B91E08 /* HelloARKit */,
			);
		};
/* End PBXProject section */

/* Begin PBXResourcesBuildPhase section */
		BCBF16421F74206600B91E08 /* Resources */ = {
			isa = PBXResourcesBuildPhase;
			buildActionMask = 2147483647;
			files = (
				BCBF16881F75B8A400B91E08 /* ms-logo.png in Resources */,
				BCBF164A1F74206600B91E08 /* art.scnassets in Resources */,
				BCBF16541F74206600B91E08 /* LaunchScreen.storyboard in Resources */,
				BCBF16511F74206600B91E08 /* Assets.xcassets in Resources */,
				BCBF164F1F74206600B91E08 /* Main.storyboard in Resources */,
				BCBF16821F75AD5000B91E08 /* Scene.sks in Resources */,
			);
			runOnlyForDeploymentPostprocessing = 0;
		};
/* End PBXResourcesBuildPhase section */

/* Begin PBXSourcesBuildPhase section */
		BCBF16401F74206600B91E08 /* Sources */ = {
			isa = PBXSourcesBuildPhase;
			buildActionMask = 2147483647;
			files = (
				BCBF16811F75A1D500B91E08 /* Scene.swift in Sources */,
				BCBF16801F75A1D500B91E08 /* ARSpriteKitViewController.swift in Sources */,
				BCBF164C1F74206600B91E08 /* ARSceneKitViewController.swift in Sources */,
				BCBF16481F74206600B91E08 /* AppDelegate.swift in Sources */,
			);
			runOnlyForDeploymentPostprocessing = 0;
		};
/* End PBXSourcesBuildPhase section */

/* Begin PBXVariantGroup section */
		BCBF164D1F74206600B91E08 /* Main.storyboard */ = {
			isa = PBXVariantGroup;
			children = (
				BCBF164E1F74206600B91E08 /* Base */,
			);
			name = Main.storyboard;
			sourceTree = "<group>";
		};
		BCBF16521F74206600B91E08 /* LaunchScreen.storyboard */ = {
			isa = PBXVariantGroup;
			children = (
				BCBF16531F74206600B91E08 /* Base */,
			);
			name = LaunchScreen.storyboard;
			sourceTree = "<group>";
		};
/* End PBXVariantGroup section */

/* Begin XCBuildConfiguration section */
		BCBF16561F74206600B91E08 /* Debug */ = {
			isa = XCBuildConfiguration;
			buildSettings = {
				ALWAYS_SEARCH_USER_PATHS = NO;
				CLANG_ANALYZER_NONNULL = YES;
				CLANG_ANALYZER_NUMBER_OBJECT_CONVERSION = YES_AGGRESSIVE;
				CLANG_CXX_LANGUAGE_STANDARD = "gnu++14";
				CLANG_CXX_LIBRARY = "libc++";
				CLANG_ENABLE_MODULES = YES;
				CLANG_ENABLE_OBJC_ARC = YES;
				CLANG_WARN_BLOCK_CAPTURE_AUTORELEASING = YES;
				CLANG_WARN_BOOL_CONVERSION = YES;
				CLANG_WARN_COMMA = YES;
				CLANG_WARN_CONSTANT_CONVERSION = YES;
				CLANG_WARN_DIRECT_OBJC_ISA_USAGE = YES_ERROR;
				CLANG_WARN_DOCUMENTATION_COMMENTS = YES;
				CLANG_WARN_EMPTY_BODY = YES;
				CLANG_WARN_ENUM_CONVERSION = YES;
				CLANG_WARN_INFINITE_RECURSION = YES;
				CLANG_WARN_INT_CONVERSION = YES;
				CLANG_WARN_NON_LITERAL_NULL_CONVERSION = YES;
				CLANG_WARN_OBJC_LITERAL_CONVERSION = YES;
				CLANG_WARN_OBJC_ROOT_CLASS = YES_ERROR;
				CLANG_WARN_RANGE_LOOP_ANALYSIS = YES;
				CLANG_WARN_STRICT_PROTOTYPES = YES;
				CLANG_WARN_SUSPICIOUS_MOVE = YES;
				CLANG_WARN_UNGUARDED_AVAILABILITY = YES_AGGRESSIVE;
				CLANG_WARN_UNREACHABLE_CODE = YES;
				CLANG_WARN__DUPLICATE_METHOD_MATCH = YES;
				CODE_SIGN_IDENTITY = "iPhone Developer";
				COPY_PHASE_STRIP = NO;
				DEBUG_INFORMATION_FORMAT = dwarf;
				ENABLE_STRICT_OBJC_MSGSEND = YES;
				ENABLE_TESTABILITY = YES;
				GCC_C_LANGUAGE_STANDARD = gnu11;
				GCC_DYNAMIC_NO_PIC = NO;
				GCC_NO_COMMON_BLOCKS = YES;
				GCC_OPTIMIZATION_LEVEL = 0;
				GCC_PREPROCESSOR_DEFINITIONS = (
					"DEBUG=1",
					"$(inherited)",
				);
				GCC_WARN_64_TO_32_BIT_CONVERSION = YES;
				GCC_WARN_ABOUT_RETURN_TYPE = YES_ERROR;
				GCC_WARN_UNDECLARED_SELECTOR = YES;
				GCC_WARN_UNINITIALIZED_AUTOS = YES_AGGRESSIVE;
				GCC_WARN_UNUSED_FUNCTION = YES;
				GCC_WARN_UNUSED_VARIABLE = YES;
				IPHONEOS_DEPLOYMENT_TARGET = 11.0;
				MTL_ENABLE_DEBUG_INFO = YES;
				ONLY_ACTIVE_ARCH = YES;
				SDKROOT = iphoneos;
				SWIFT_ACTIVE_COMPILATION_CONDITIONS = DEBUG;
				SWIFT_OPTIMIZATION_LEVEL = "-Onone";
			};
			name = Debug;
		};
		BCBF16571F74206600B91E08 /* Release */ = {
			isa = XCBuildConfiguration;
			buildSettings = {
				ALWAYS_SEARCH_USER_PATHS = NO;
				CLANG_ANALYZER_NONNULL = YES;
				CLANG_ANALYZER_NUMBER_OBJECT_CONVERSION = YES_AGGRESSIVE;
				CLANG_CXX_LANGUAGE_STANDARD = "gnu++14";
				CLANG_CXX_LIBRARY = "libc++";
				CLANG_ENABLE_MODULES = YES;
				CLANG_ENABLE_OBJC_ARC = YES;
				CLANG_WARN_BLOCK_CAPTURE_AUTORELEASING = YES;
				CLANG_WARN_BOOL_CONVERSION = YES;
				CLANG_WARN_COMMA = YES;
				CLANG_WARN_CONSTANT_CONVERSION = YES;
				CLANG_WARN_DIRECT_OBJC_ISA_USAGE = YES_ERROR;
				CLANG_WARN_DOCUMENTATION_COMMENTS = YES;
				CLANG_WARN_EMPTY_BODY = YES;
				CLANG_WARN_ENUM_CONVERSION = YES;
				CLANG_WARN_INFINITE_RECURSION = YES;
				CLANG_WARN_INT_CONVERSION = YES;
				CLANG_WARN_NON_LITERAL_NULL_CONVERSION = YES;
				CLANG_WARN_OBJC_LITERAL_CONVERSION = YES;
				CLANG_WARN_OBJC_ROOT_CLASS = YES_ERROR;
				CLANG_WARN_RANGE_LOOP_ANALYSIS = YES;
				CLANG_WARN_STRICT_PROTOTYPES = YES;
				CLANG_WARN_SUSPICIOUS_MOVE = YES;
				CLANG_WARN_UNGUARDED_AVAILABILITY = YES_AGGRESSIVE;
				CLANG_WARN_UNREACHABLE_CODE = YES;
				CLANG_WARN__DUPLICATE_METHOD_MATCH = YES;
				CODE_SIGN_IDENTITY = "iPhone Developer";
				COPY_PHASE_STRIP = NO;
				DEBUG_INFORMATION_FORMAT = "dwarf-with-dsym";
				ENABLE_NS_ASSERTIONS = NO;
				ENABLE_STRICT_OBJC_MSGSEND = YES;
				GCC_C_LANGUAGE_STANDARD = gnu11;
				GCC_NO_COMMON_BLOCKS = YES;
				GCC_WARN_64_TO_32_BIT_CONVERSION = YES;
				GCC_WARN_ABOUT_RETURN_TYPE = YES_ERROR;
				GCC_WARN_UNDECLARED_SELECTOR = YES;
				GCC_WARN_UNINITIALIZED_AUTOS = YES_AGGRESSIVE;
				GCC_WARN_UNUSED_FUNCTION = YES;
				GCC_WARN_UNUSED_VARIABLE = YES;
				IPHONEOS_DEPLOYMENT_TARGET = 11.0;
				MTL_ENABLE_DEBUG_INFO = NO;
				SDKROOT = iphoneos;
				SWIFT_OPTIMIZATION_LEVEL = "-Owholemodule";
				VALIDATE_PRODUCT = YES;
			};
			name = Release;
		};
		BCBF16591F74206600B91E08 /* Debug */ = {
			isa = XCBuildConfiguration;
			buildSettings = {
				ASSETCATALOG_COMPILER_APPICON_NAME = AppIcon;
				CODE_SIGN_STYLE = Automatic;
				DEVELOPMENT_TEAM = JA472UP5B6;
				INFOPLIST_FILE = HelloARKit/Info.plist;
				LD_RUNPATH_SEARCH_PATHS = "$(inherited) @executable_path/Frameworks";
				PRODUCT_BUNDLE_IDENTIFIER = com.MakeSchool.HelloARKit;
				PRODUCT_NAME = "$(TARGET_NAME)";
				SWIFT_VERSION = 4.0;
				TARGETED_DEVICE_FAMILY = "1,2";
			};
			name = Debug;
		};
		BCBF165A1F74206600B91E08 /* Release */ = {
			isa = XCBuildConfiguration;
			buildSettings = {
				ASSETCATALOG_COMPILER_APPICON_NAME = AppIcon;
				CODE_SIGN_STYLE = Automatic;
				DEVELOPMENT_TEAM = JA472UP5B6;
				INFOPLIST_FILE = HelloARKit/Info.plist;
				LD_RUNPATH_SEARCH_PATHS = "$(inherited) @executable_path/Frameworks";
				PRODUCT_BUNDLE_IDENTIFIER = com.MakeSchool.HelloARKit;
				PRODUCT_NAME = "$(TARGET_NAME)";
				SWIFT_VERSION = 4.0;
				TARGETED_DEVICE_FAMILY = "1,2";
			};
			name = Release;
		};
/* End XCBuildConfiguration section */

/* Begin XCConfigurationList section */
		BCBF163F1F74206600B91E08 /* Build configuration list for PBXProject "HelloARKit" */ = {
			isa = XCConfigurationList;
			buildConfigurations = (
				BCBF16561F74206600B91E08 /* Debug */,
				BCBF16571F74206600B91E08 /* Release */,
			);
			defaultConfigurationIsVisible = 0;
			defaultConfigurationName = Release;
		};
		BCBF16581F74206600B91E08 /* Build configuration list for PBXNativeTarget "HelloARKit" */ = {
			isa = XCConfigurationList;
			buildConfigurations = (
				BCBF16591F74206600B91E08 /* Debug */,
				BCBF165A1F74206600B91E08 /* Release */,
			);
			defaultConfigurationIsVisible = 0;
			defaultConfigurationName = Release;
		};
/* End XCConfigurationList section */
	};
	rootObject = BCBF163C1F74206600B91E08 /* Project object */;
}
